// !$*UTF8*$!
{
	archiveVersion = 1;
	classes = {
	};
	objectVersion = 55;
	objects = {

/* Begin PBXBuildFile section */
		4A25C6562711CF9400EC8398 /* AppDelegate.swift in Sources */ = {isa = PBXBuildFile; fileRef = 4A25C6552711CF9400EC8398 /* AppDelegate.swift */; };
		4A25C6582711CF9400EC8398 /* SceneDelegate.swift in Sources */ = {isa = PBXBuildFile; fileRef = 4A25C6572711CF9400EC8398 /* SceneDelegate.swift */; };
		4A25C65F2711CF9700EC8398 /* Assets.xcassets in Resources */ = {isa = PBXBuildFile; fileRef = 4A25C65E2711CF9700EC8398 /* Assets.xcassets */; };
		4A25C6622711CF9700EC8398 /* LaunchScreen.storyboard in Resources */ = {isa = PBXBuildFile; fileRef = 4A25C6602711CF9700EC8398 /* LaunchScreen.storyboard */; };
		4A25C66A2711DC4400EC8398 /* MovieViewController.swift in Sources */ = {isa = PBXBuildFile; fileRef = 4A25C6692711DC4400EC8398 /* MovieViewController.swift */; };
		4A25C66C2711DCDC00EC8398 /* MoviePresenter.swift in Sources */ = {isa = PBXBuildFile; fileRef = 4A25C66B2711DCDC00EC8398 /* MoviePresenter.swift */; };
		4A25C6702711DE7600EC8398 /* MovieViewModel.swift in Sources */ = {isa = PBXBuildFile; fileRef = 4A25C66F2711DE7500EC8398 /* MovieViewModel.swift */; };
		4A25C6722711E05C00EC8398 /* MoviePresenterProtocol.swift in Sources */ = {isa = PBXBuildFile; fileRef = 4A25C6712711E05C00EC8398 /* MoviePresenterProtocol.swift */; };
		4A4E4740271215730047EE86 /* TabBarController.swift in Sources */ = {isa = PBXBuildFile; fileRef = 4A4E473F271215730047EE86 /* TabBarController.swift */; };
		4A4E47432712170D0047EE86 /* RootCoordinator.swift in Sources */ = {isa = PBXBuildFile; fileRef = 4A4E47422712170D0047EE86 /* RootCoordinator.swift */; };
		4A4E4745271217C20047EE86 /* TabBarCoordinator.swift in Sources */ = {isa = PBXBuildFile; fileRef = 4A4E4744271217C20047EE86 /* TabBarCoordinator.swift */; };
		4A4E4747271218BB0047EE86 /* MovieCoordinator.swift in Sources */ = {isa = PBXBuildFile; fileRef = 4A4E4746271218BB0047EE86 /* MovieCoordinator.swift */; };
		4A4E47E9271CC81F0047EE86 /* MovieTableViewCell.swift in Sources */ = {isa = PBXBuildFile; fileRef = 4A4E47E8271CC81F0047EE86 /* MovieTableViewCell.swift */; };
		4A4E47F2271D56140047EE86 /* MovieDetailViewController.swift in Sources */ = {isa = PBXBuildFile; fileRef = 4A4E47F1271D56140047EE86 /* MovieDetailViewController.swift */; };
		4A4E47F5271D56A30047EE86 /* MovieDetailView.swift in Sources */ = {isa = PBXBuildFile; fileRef = 4A4E47F4271D56A30047EE86 /* MovieDetailView.swift */; };
		4A4E47F7272045860047EE86 /* ViewControllerAssemblerProtocol.swift in Sources */ = {isa = PBXBuildFile; fileRef = 4A4E47F6272045860047EE86 /* ViewControllerAssemblerProtocol.swift */; };
		4A4E47F9272045F60047EE86 /* MovieViewControllerAssembler.swift in Sources */ = {isa = PBXBuildFile; fileRef = 4A4E47F8272045F60047EE86 /* MovieViewControllerAssembler.swift */; };
		4A4E47FB27204CD40047EE86 /* EntityViewController.swift in Sources */ = {isa = PBXBuildFile; fileRef = 4A4E47FA27204CD40047EE86 /* EntityViewController.swift */; };
		4A4E47FE2720513C0047EE86 /* Entity.swift in Sources */ = {isa = PBXBuildFile; fileRef = 4A4E47FD2720513C0047EE86 /* Entity.swift */; };
		4A4E4800272052ED0047EE86 /* CharacterViewModel.swift in Sources */ = {isa = PBXBuildFile; fileRef = 4A4E47FF272052EC0047EE86 /* CharacterViewModel.swift */; };
		4A4E4802272054AC0047EE86 /* PlanetViewModel.swift in Sources */ = {isa = PBXBuildFile; fileRef = 4A4E4801272054AC0047EE86 /* PlanetViewModel.swift */; };
		4A4E48042720557D0047EE86 /* StarshipViewModel.swift in Sources */ = {isa = PBXBuildFile; fileRef = 4A4E48032720557D0047EE86 /* StarshipViewModel.swift */; };
		4A4E4806272056B20047EE86 /* VehicleViewModel.swift in Sources */ = {isa = PBXBuildFile; fileRef = 4A4E4805272056B20047EE86 /* VehicleViewModel.swift */; };
		4A4E4808272057000047EE86 /* SpeciesViewModel.swift in Sources */ = {isa = PBXBuildFile; fileRef = 4A4E4807272057000047EE86 /* SpeciesViewModel.swift */; };
		4A4E480B2720594B0047EE86 /* EntityShortViewModel.swift in Sources */ = {isa = PBXBuildFile; fileRef = 4A4E480A2720594A0047EE86 /* EntityShortViewModel.swift */; };
		4A4E480F272063580047EE86 /* EntityPresenter.swift in Sources */ = {isa = PBXBuildFile; fileRef = 4A4E480E272063580047EE86 /* EntityPresenter.swift */; };
		4A4E4811272063AF0047EE86 /* EntityViewControllerAssembler.swift in Sources */ = {isa = PBXBuildFile; fileRef = 4A4E4810272063AF0047EE86 /* EntityViewControllerAssembler.swift */; };
		4A4E48132720644B0047EE86 /* EntityPresenterProtocol.swift in Sources */ = {isa = PBXBuildFile; fileRef = 4A4E48122720644B0047EE86 /* EntityPresenterProtocol.swift */; };
		4A4E481627207FA10047EE86 /* EntityCoordinator.swift in Sources */ = {isa = PBXBuildFile; fileRef = 4A4E481527207FA10047EE86 /* EntityCoordinator.swift */; };
		4A4E481A2722ED2B0047EE86 /* MenuViewController.swift in Sources */ = {isa = PBXBuildFile; fileRef = 4A4E48192722ED2B0047EE86 /* MenuViewController.swift */; };
		4A4E481C2722F1F90047EE86 /* MenuView.swift in Sources */ = {isa = PBXBuildFile; fileRef = 4A4E481B2722F1F90047EE86 /* MenuView.swift */; };
		4A4E4823272334860047EE86 /* Constants.swift in Sources */ = {isa = PBXBuildFile; fileRef = 4A4E4822272334860047EE86 /* Constants.swift */; };
		4A4E4827272343B00047EE86 /* EntityCollectionViewCell.swift in Sources */ = {isa = PBXBuildFile; fileRef = 4A4E4826272343B00047EE86 /* EntityCollectionViewCell.swift */; };
		4A4E482A2723556E0047EE86 /* Starjout.ttf in Resources */ = {isa = PBXBuildFile; fileRef = 4A4E482427233EA40047EE86 /* Starjout.ttf */; };
		4A4E48382725B0460047EE86 /* MovieDetailPresenterProtocol.swift in Sources */ = {isa = PBXBuildFile; fileRef = 4A4E48372725B0460047EE86 /* MovieDetailPresenterProtocol.swift */; };
		4A4E483A2725B07A0047EE86 /* MovieDetailPresenter.swift in Sources */ = {isa = PBXBuildFile; fileRef = 4A4E48392725B07A0047EE86 /* MovieDetailPresenter.swift */; };
		4A4E483C2725B1F70047EE86 /* MovieDetailViewControllerAssembler.swift in Sources */ = {isa = PBXBuildFile; fileRef = 4A4E483B2725B1F70047EE86 /* MovieDetailViewControllerAssembler.swift */; };
		4A9BE1A12729C5B600F0CD05 /* EntityCollectionView.swift in Sources */ = {isa = PBXBuildFile; fileRef = 4A9BE1A02729C5B600F0CD05 /* EntityCollectionView.swift */; };
		4A9BE1A32729CCCD00F0CD05 /* CharacterDetailViewController.swift in Sources */ = {isa = PBXBuildFile; fileRef = 4A9BE1A22729CCCD00F0CD05 /* CharacterDetailViewController.swift */; };
		4A9BE1A72729CDC300F0CD05 /* CharacterDetailPresenterProtocol.swift in Sources */ = {isa = PBXBuildFile; fileRef = 4A9BE1A62729CDC300F0CD05 /* CharacterDetailPresenterProtocol.swift */; };
		4A9BE1A92729CE1100F0CD05 /* CharacterDetailPresenter.swift in Sources */ = {isa = PBXBuildFile; fileRef = 4A9BE1A82729CE1100F0CD05 /* CharacterDetailPresenter.swift */; };
		4A9BE1AB2729CE8900F0CD05 /* CharacterDetailView.swift in Sources */ = {isa = PBXBuildFile; fileRef = 4A9BE1AA2729CE8900F0CD05 /* CharacterDetailView.swift */; };
		4A9BE1AE2729F77600F0CD05 /* CharacterDetailViewControllerAssembler.swift in Sources */ = {isa = PBXBuildFile; fileRef = 4A9BE1AD2729F77600F0CD05 /* CharacterDetailViewControllerAssembler.swift */; };
		4AF1D5FA272ACB2C00E897B2 /* PlanetDetailViewController.swift in Sources */ = {isa = PBXBuildFile; fileRef = 4AF1D5F9272ACB2C00E897B2 /* PlanetDetailViewController.swift */; };
		4AF1D5FD272ACC4500E897B2 /* PlanetDetailPresenterProtocol.swift in Sources */ = {isa = PBXBuildFile; fileRef = 4AF1D5FC272ACC4500E897B2 /* PlanetDetailPresenterProtocol.swift */; };
		4AF1D5FF272ACC6400E897B2 /* PlanetDetailPresenter.swift in Sources */ = {isa = PBXBuildFile; fileRef = 4AF1D5FE272ACC6400E897B2 /* PlanetDetailPresenter.swift */; };
		4AF1D601272ACCBB00E897B2 /* PlanetDetailViewControllerAssembler.swift in Sources */ = {isa = PBXBuildFile; fileRef = 4AF1D600272ACCBB00E897B2 /* PlanetDetailViewControllerAssembler.swift */; };
		4AF1D604272ACD0900E897B2 /* PlanetDetailView.swift in Sources */ = {isa = PBXBuildFile; fileRef = 4AF1D603272ACD0900E897B2 /* PlanetDetailView.swift */; };
/* End PBXBuildFile section */

/* Begin PBXFileReference section */
		4A25C6522711CF9400EC8398 /* StarWarsApp.app */ = {isa = PBXFileReference; explicitFileType = wrapper.application; includeInIndex = 0; path = StarWarsApp.app; sourceTree = BUILT_PRODUCTS_DIR; };
		4A25C6552711CF9400EC8398 /* AppDelegate.swift */ = {isa = PBXFileReference; lastKnownFileType = sourcecode.swift; path = AppDelegate.swift; sourceTree = "<group>"; };
		4A25C6572711CF9400EC8398 /* SceneDelegate.swift */ = {isa = PBXFileReference; lastKnownFileType = sourcecode.swift; path = SceneDelegate.swift; sourceTree = "<group>"; };
		4A25C65E2711CF9700EC8398 /* Assets.xcassets */ = {isa = PBXFileReference; lastKnownFileType = folder.assetcatalog; path = Assets.xcassets; sourceTree = "<group>"; };
		4A25C6612711CF9700EC8398 /* Base */ = {isa = PBXFileReference; lastKnownFileType = file.storyboard; name = Base; path = Base.lproj/LaunchScreen.storyboard; sourceTree = "<group>"; };
		4A25C6632711CF9700EC8398 /* Info.plist */ = {isa = PBXFileReference; lastKnownFileType = text.plist.xml; path = Info.plist; sourceTree = "<group>"; };
		4A25C6692711DC4400EC8398 /* MovieViewController.swift */ = {isa = PBXFileReference; lastKnownFileType = sourcecode.swift; path = MovieViewController.swift; sourceTree = "<group>"; };
		4A25C66B2711DCDC00EC8398 /* MoviePresenter.swift */ = {isa = PBXFileReference; lastKnownFileType = sourcecode.swift; path = MoviePresenter.swift; sourceTree = "<group>"; };
		4A25C66F2711DE7500EC8398 /* MovieViewModel.swift */ = {isa = PBXFileReference; lastKnownFileType = sourcecode.swift; path = MovieViewModel.swift; sourceTree = "<group>"; };
		4A25C6712711E05C00EC8398 /* MoviePresenterProtocol.swift */ = {isa = PBXFileReference; lastKnownFileType = sourcecode.swift; path = MoviePresenterProtocol.swift; sourceTree = "<group>"; };
		4A4E473F271215730047EE86 /* TabBarController.swift */ = {isa = PBXFileReference; lastKnownFileType = sourcecode.swift; path = TabBarController.swift; sourceTree = "<group>"; };
		4A4E47422712170D0047EE86 /* RootCoordinator.swift */ = {isa = PBXFileReference; lastKnownFileType = sourcecode.swift; path = RootCoordinator.swift; sourceTree = "<group>"; };
		4A4E4744271217C20047EE86 /* TabBarCoordinator.swift */ = {isa = PBXFileReference; lastKnownFileType = sourcecode.swift; path = TabBarCoordinator.swift; sourceTree = "<group>"; };
		4A4E4746271218BB0047EE86 /* MovieCoordinator.swift */ = {isa = PBXFileReference; lastKnownFileType = sourcecode.swift; path = MovieCoordinator.swift; sourceTree = "<group>"; };
		4A4E47E8271CC81F0047EE86 /* MovieTableViewCell.swift */ = {isa = PBXFileReference; lastKnownFileType = sourcecode.swift; path = MovieTableViewCell.swift; sourceTree = "<group>"; };
		4A4E47F1271D56140047EE86 /* MovieDetailViewController.swift */ = {isa = PBXFileReference; lastKnownFileType = sourcecode.swift; path = MovieDetailViewController.swift; sourceTree = "<group>"; };
		4A4E47F4271D56A30047EE86 /* MovieDetailView.swift */ = {isa = PBXFileReference; lastKnownFileType = sourcecode.swift; path = MovieDetailView.swift; sourceTree = "<group>"; };
		4A4E47F6272045860047EE86 /* ViewControllerAssemblerProtocol.swift */ = {isa = PBXFileReference; lastKnownFileType = sourcecode.swift; path = ViewControllerAssemblerProtocol.swift; sourceTree = "<group>"; };
		4A4E47F8272045F60047EE86 /* MovieViewControllerAssembler.swift */ = {isa = PBXFileReference; lastKnownFileType = sourcecode.swift; path = MovieViewControllerAssembler.swift; sourceTree = "<group>"; };
		4A4E47FA27204CD40047EE86 /* EntityViewController.swift */ = {isa = PBXFileReference; lastKnownFileType = sourcecode.swift; path = EntityViewController.swift; sourceTree = "<group>"; };
		4A4E47FD2720513C0047EE86 /* Entity.swift */ = {isa = PBXFileReference; lastKnownFileType = sourcecode.swift; path = Entity.swift; sourceTree = "<group>"; };
		4A4E47FF272052EC0047EE86 /* CharacterViewModel.swift */ = {isa = PBXFileReference; lastKnownFileType = sourcecode.swift; path = CharacterViewModel.swift; sourceTree = "<group>"; };
		4A4E4801272054AC0047EE86 /* PlanetViewModel.swift */ = {isa = PBXFileReference; lastKnownFileType = sourcecode.swift; path = PlanetViewModel.swift; sourceTree = "<group>"; };
		4A4E48032720557D0047EE86 /* StarshipViewModel.swift */ = {isa = PBXFileReference; lastKnownFileType = sourcecode.swift; path = StarshipViewModel.swift; sourceTree = "<group>"; };
		4A4E4805272056B20047EE86 /* VehicleViewModel.swift */ = {isa = PBXFileReference; lastKnownFileType = sourcecode.swift; path = VehicleViewModel.swift; sourceTree = "<group>"; };
		4A4E4807272057000047EE86 /* SpeciesViewModel.swift */ = {isa = PBXFileReference; lastKnownFileType = sourcecode.swift; path = SpeciesViewModel.swift; sourceTree = "<group>"; };
		4A4E480A2720594A0047EE86 /* EntityShortViewModel.swift */ = {isa = PBXFileReference; lastKnownFileType = sourcecode.swift; path = EntityShortViewModel.swift; sourceTree = "<group>"; };
		4A4E480E272063580047EE86 /* EntityPresenter.swift */ = {isa = PBXFileReference; lastKnownFileType = sourcecode.swift; path = EntityPresenter.swift; sourceTree = "<group>"; };
		4A4E4810272063AF0047EE86 /* EntityViewControllerAssembler.swift */ = {isa = PBXFileReference; lastKnownFileType = sourcecode.swift; path = EntityViewControllerAssembler.swift; sourceTree = "<group>"; };
		4A4E48122720644B0047EE86 /* EntityPresenterProtocol.swift */ = {isa = PBXFileReference; lastKnownFileType = sourcecode.swift; path = EntityPresenterProtocol.swift; sourceTree = "<group>"; };
		4A4E481527207FA10047EE86 /* EntityCoordinator.swift */ = {isa = PBXFileReference; lastKnownFileType = sourcecode.swift; path = EntityCoordinator.swift; sourceTree = "<group>"; };
		4A4E48192722ED2B0047EE86 /* MenuViewController.swift */ = {isa = PBXFileReference; lastKnownFileType = sourcecode.swift; path = MenuViewController.swift; sourceTree = "<group>"; };
		4A4E481B2722F1F90047EE86 /* MenuView.swift */ = {isa = PBXFileReference; lastKnownFileType = sourcecode.swift; path = MenuView.swift; sourceTree = "<group>"; };
		4A4E4822272334860047EE86 /* Constants.swift */ = {isa = PBXFileReference; lastKnownFileType = sourcecode.swift; path = Constants.swift; sourceTree = "<group>"; };
		4A4E482427233EA40047EE86 /* Starjout.ttf */ = {isa = PBXFileReference; lastKnownFileType = file; path = Starjout.ttf; sourceTree = "<group>"; };
		4A4E4826272343B00047EE86 /* EntityCollectionViewCell.swift */ = {isa = PBXFileReference; lastKnownFileType = sourcecode.swift; path = EntityCollectionViewCell.swift; sourceTree = "<group>"; };
		4A4E48372725B0460047EE86 /* MovieDetailPresenterProtocol.swift */ = {isa = PBXFileReference; lastKnownFileType = sourcecode.swift; path = MovieDetailPresenterProtocol.swift; sourceTree = "<group>"; };
		4A4E48392725B07A0047EE86 /* MovieDetailPresenter.swift */ = {isa = PBXFileReference; lastKnownFileType = sourcecode.swift; path = MovieDetailPresenter.swift; sourceTree = "<group>"; };
		4A4E483B2725B1F70047EE86 /* MovieDetailViewControllerAssembler.swift */ = {isa = PBXFileReference; lastKnownFileType = sourcecode.swift; path = MovieDetailViewControllerAssembler.swift; sourceTree = "<group>"; };
		4A9BE1A02729C5B600F0CD05 /* EntityCollectionView.swift */ = {isa = PBXFileReference; lastKnownFileType = sourcecode.swift; path = EntityCollectionView.swift; sourceTree = "<group>"; };
		4A9BE1A22729CCCD00F0CD05 /* CharacterDetailViewController.swift */ = {isa = PBXFileReference; lastKnownFileType = sourcecode.swift; path = CharacterDetailViewController.swift; sourceTree = "<group>"; };
		4A9BE1A62729CDC300F0CD05 /* CharacterDetailPresenterProtocol.swift */ = {isa = PBXFileReference; lastKnownFileType = sourcecode.swift; name = CharacterDetailPresenterProtocol.swift; path = StarWarsApp/Flows/CharacterDetailPresenterProtocol.swift; sourceTree = SOURCE_ROOT; };
		4A9BE1A82729CE1100F0CD05 /* CharacterDetailPresenter.swift */ = {isa = PBXFileReference; lastKnownFileType = sourcecode.swift; path = CharacterDetailPresenter.swift; sourceTree = "<group>"; };
		4A9BE1AA2729CE8900F0CD05 /* CharacterDetailView.swift */ = {isa = PBXFileReference; lastKnownFileType = sourcecode.swift; path = CharacterDetailView.swift; sourceTree = "<group>"; };
		4A9BE1AD2729F77600F0CD05 /* CharacterDetailViewControllerAssembler.swift */ = {isa = PBXFileReference; lastKnownFileType = sourcecode.swift; path = CharacterDetailViewControllerAssembler.swift; sourceTree = "<group>"; };
		4AF1D5F9272ACB2C00E897B2 /* PlanetDetailViewController.swift */ = {isa = PBXFileReference; lastKnownFileType = sourcecode.swift; path = PlanetDetailViewController.swift; sourceTree = "<group>"; };
		4AF1D5FC272ACC4500E897B2 /* PlanetDetailPresenterProtocol.swift */ = {isa = PBXFileReference; lastKnownFileType = sourcecode.swift; path = PlanetDetailPresenterProtocol.swift; sourceTree = "<group>"; };
		4AF1D5FE272ACC6400E897B2 /* PlanetDetailPresenter.swift */ = {isa = PBXFileReference; lastKnownFileType = sourcecode.swift; path = PlanetDetailPresenter.swift; sourceTree = "<group>"; };
		4AF1D600272ACCBB00E897B2 /* PlanetDetailViewControllerAssembler.swift */ = {isa = PBXFileReference; lastKnownFileType = sourcecode.swift; path = PlanetDetailViewControllerAssembler.swift; sourceTree = "<group>"; };
		4AF1D603272ACD0900E897B2 /* PlanetDetailView.swift */ = {isa = PBXFileReference; lastKnownFileType = sourcecode.swift; path = PlanetDetailView.swift; sourceTree = "<group>"; };
/* End PBXFileReference section */

/* Begin PBXFrameworksBuildPhase section */
		4A25C64F2711CF9400EC8398 /* Frameworks */ = {
			isa = PBXFrameworksBuildPhase;
			buildActionMask = 2147483647;
			files = (
			);
			runOnlyForDeploymentPostprocessing = 0;
		};
/* End PBXFrameworksBuildPhase section */

/* Begin PBXGroup section */
		4A25C6492711CF9300EC8398 = {
			isa = PBXGroup;
			children = (
				4A25C6542711CF9400EC8398 /* StarWarsApp */,
				4A25C6532711CF9400EC8398 /* Products */,
			);
			sourceTree = "<group>";
		};
		4A25C6532711CF9400EC8398 /* Products */ = {
			isa = PBXGroup;
			children = (
				4A25C6522711CF9400EC8398 /* StarWarsApp.app */,
			);
			name = Products;
			sourceTree = "<group>";
		};
		4A25C6542711CF9400EC8398 /* StarWarsApp */ = {
			isa = PBXGroup;
			children = (
				4A25C6552711CF9400EC8398 /* AppDelegate.swift */,
				4A25C6572711CF9400EC8398 /* SceneDelegate.swift */,
				4A4E474827121AAD0047EE86 /* Core */,
				4A25C66E2711DE4700EC8398 /* Flows */,
				4A25C6602711CF9700EC8398 /* LaunchScreen.storyboard */,
				4A25C6632711CF9700EC8398 /* Info.plist */,
				4A4E47ED271D28630047EE86 /* Resources */,
			);
			path = StarWarsApp;
			sourceTree = "<group>";
		};
		4A25C66D2711DE1400EC8398 /* Movies */ = {
			isa = PBXGroup;
			children = (
				4A4E474927121ABB0047EE86 /* Service */,
				4A4E482B272556AD0047EE86 /* ViewModel */,
				4A4E474A27121ACC0047EE86 /* View */,
				4A25C6692711DC4400EC8398 /* MovieViewController.swift */,
				4A25C66B2711DCDC00EC8398 /* MoviePresenter.swift */,
				4A25C6712711E05C00EC8398 /* MoviePresenterProtocol.swift */,
			);
			path = Movies;
			sourceTree = "<group>";
		};
		4A25C66E2711DE4700EC8398 /* Flows */ = {
			isa = PBXGroup;
			children = (
				4A4E4822272334860047EE86 /* Constants.swift */,
				4A25C66D2711DE1400EC8398 /* Movies */,
				4A4E47F3271D561A0047EE86 /* MovieDetail */,
				4A4E47FC27204CEE0047EE86 /* Entity */,
				4A9BE1A42729CCDF00F0CD05 /* EntityDetail */,
				4A4E47412712157A0047EE86 /* Other */,
			);
			path = Flows;
			sourceTree = "<group>";
		};
		4A4E47412712157A0047EE86 /* Other */ = {
			isa = PBXGroup;
			children = (
				4A4E474B27121AFD0047EE86 /* TabBar */,
			);
			path = Other;
			sourceTree = "<group>";
		};
		4A4E474827121AAD0047EE86 /* Core */ = {
			isa = PBXGroup;
			children = (
				4A4E47422712170D0047EE86 /* RootCoordinator.swift */,
				4A4E47F6272045860047EE86 /* ViewControllerAssemblerProtocol.swift */,
			);
			path = Core;
			sourceTree = "<group>";
		};
		4A4E474927121ABB0047EE86 /* Service */ = {
			isa = PBXGroup;
			children = (
				4A4E4746271218BB0047EE86 /* MovieCoordinator.swift */,
				4A4E47F8272045F60047EE86 /* MovieViewControllerAssembler.swift */,
			);
			path = Service;
			sourceTree = "<group>";
		};
		4A4E474A27121ACC0047EE86 /* View */ = {
			isa = PBXGroup;
			children = (
				4A4E47E8271CC81F0047EE86 /* MovieTableViewCell.swift */,
			);
			path = View;
			sourceTree = "<group>";
		};
		4A4E474B27121AFD0047EE86 /* TabBar */ = {
			isa = PBXGroup;
			children = (
				4A4E474C27121B0D0047EE86 /* Service */,
				4A4E473F271215730047EE86 /* TabBarController.swift */,
			);
			path = TabBar;
			sourceTree = "<group>";
		};
		4A4E474C27121B0D0047EE86 /* Service */ = {
			isa = PBXGroup;
			children = (
				4A4E4744271217C20047EE86 /* TabBarCoordinator.swift */,
			);
			path = Service;
			sourceTree = "<group>";
		};
		4A4E47EC271D284A0047EE86 /* Fonts */ = {
			isa = PBXGroup;
			children = (
				4A4E482427233EA40047EE86 /* Starjout.ttf */,
			);
			path = Fonts;
			sourceTree = "<group>";
		};
		4A4E47ED271D28630047EE86 /* Resources */ = {
			isa = PBXGroup;
			children = (
				4A25C65E2711CF9700EC8398 /* Assets.xcassets */,
				4A4E47EC271D284A0047EE86 /* Fonts */,
			);
			path = Resources;
			sourceTree = "<group>";
		};
		4A4E47F3271D561A0047EE86 /* MovieDetail */ = {
			isa = PBXGroup;
			children = (
				4A4E483D2725B2830047EE86 /* Service */,
				4A4E482C272556E70047EE86 /* View */,
				4A4E47F1271D56140047EE86 /* MovieDetailViewController.swift */,
				4A4E48372725B0460047EE86 /* MovieDetailPresenterProtocol.swift */,
				4A4E48392725B07A0047EE86 /* MovieDetailPresenter.swift */,
			);
			path = MovieDetail;
			sourceTree = "<group>";
		};
		4A4E47FC27204CEE0047EE86 /* Entity */ = {
			isa = PBXGroup;
			children = (
				4A4E481427207F210047EE86 /* Service */,
				4A4E4809272057CD0047EE86 /* ViewModel */,
				4A4E481D27232FD40047EE86 /* Menu */,
				4A4E482E272557210047EE86 /* View */,
				4A4E48122720644B0047EE86 /* EntityPresenterProtocol.swift */,
				4A4E47FA27204CD40047EE86 /* EntityViewController.swift */,
				4A4E480E272063580047EE86 /* EntityPresenter.swift */,
				4A4E47FD2720513C0047EE86 /* Entity.swift */,
			);
			path = Entity;
			sourceTree = "<group>";
		};
		4A4E4809272057CD0047EE86 /* ViewModel */ = {
			isa = PBXGroup;
			children = (
				4A4E480A2720594A0047EE86 /* EntityShortViewModel.swift */,
				4A4E47FF272052EC0047EE86 /* CharacterViewModel.swift */,
				4A4E4801272054AC0047EE86 /* PlanetViewModel.swift */,
				4A4E48032720557D0047EE86 /* StarshipViewModel.swift */,
				4A4E4805272056B20047EE86 /* VehicleViewModel.swift */,
				4A4E4807272057000047EE86 /* SpeciesViewModel.swift */,
			);
			path = ViewModel;
			sourceTree = "<group>";
		};
		4A4E481427207F210047EE86 /* Service */ = {
			isa = PBXGroup;
			children = (
				4A4E4810272063AF0047EE86 /* EntityViewControllerAssembler.swift */,
				4A4E481527207FA10047EE86 /* EntityCoordinator.swift */,
			);
			path = Service;
			sourceTree = "<group>";
		};
		4A4E481D27232FD40047EE86 /* Menu */ = {
			isa = PBXGroup;
			children = (
				4A4E482D272557050047EE86 /* View */,
				4A4E48192722ED2B0047EE86 /* MenuViewController.swift */,
			);
			path = Menu;
			sourceTree = "<group>";
		};
		4A4E482B272556AD0047EE86 /* ViewModel */ = {
			isa = PBXGroup;
			children = (
				4A25C66F2711DE7500EC8398 /* MovieViewModel.swift */,
			);
			path = ViewModel;
			sourceTree = "<group>";
		};
		4A4E482C272556E70047EE86 /* View */ = {
			isa = PBXGroup;
			children = (
				4A4E47F4271D56A30047EE86 /* MovieDetailView.swift */,
			);
			path = View;
			sourceTree = "<group>";
		};
		4A4E482D272557050047EE86 /* View */ = {
			isa = PBXGroup;
			children = (
				4A4E481B2722F1F90047EE86 /* MenuView.swift */,
			);
			path = View;
			sourceTree = "<group>";
		};
		4A4E482E272557210047EE86 /* View */ = {
			isa = PBXGroup;
			children = (
				4A4E4826272343B00047EE86 /* EntityCollectionViewCell.swift */,
				4A9BE1A02729C5B600F0CD05 /* EntityCollectionView.swift */,
			);
			path = View;
			sourceTree = "<group>";
		};
		4A4E483D2725B2830047EE86 /* Service */ = {
			isa = PBXGroup;
			children = (
				4A4E483B2725B1F70047EE86 /* MovieDetailViewControllerAssembler.swift */,
			);
			path = Service;
			sourceTree = "<group>";
		};
		4A9BE1A42729CCDF00F0CD05 /* EntityDetail */ = {
			isa = PBXGroup;
			children = (
				4A9BE1A52729CD2B00F0CD05 /* CharacterDetail */,
				4AF1D5FB272ACB3100E897B2 /* PlanetDetail */,
			);
			path = EntityDetail;
			sourceTree = "<group>";
		};
		4A9BE1A52729CD2B00F0CD05 /* CharacterDetail */ = {
			isa = PBXGroup;
			children = (
				4A9BE1AF2729F7D200F0CD05 /* Service */,
				4A9BE1AC2729CE9000F0CD05 /* View */,
				4A9BE1A22729CCCD00F0CD05 /* CharacterDetailViewController.swift */,
				4A9BE1A62729CDC300F0CD05 /* CharacterDetailPresenterProtocol.swift */,
				4A9BE1A82729CE1100F0CD05 /* CharacterDetailPresenter.swift */,
			);
			path = CharacterDetail;
			sourceTree = "<group>";
		};
		4A9BE1AC2729CE9000F0CD05 /* View */ = {
			isa = PBXGroup;
			children = (
				4A9BE1AA2729CE8900F0CD05 /* CharacterDetailView.swift */,
			);
			path = View;
			sourceTree = "<group>";
		};
		4A9BE1AF2729F7D200F0CD05 /* Service */ = {
			isa = PBXGroup;
			children = (
				4A9BE1AD2729F77600F0CD05 /* CharacterDetailViewControllerAssembler.swift */,
			);
			path = Service;
			sourceTree = "<group>";
		};
		4AF1D5FB272ACB3100E897B2 /* PlanetDetail */ = {
			isa = PBXGroup;
			children = (
				4AF1D602272ACCC000E897B2 /* Service */,
				4AF1D605272ACD1600E897B2 /* View */,
				4AF1D5F9272ACB2C00E897B2 /* PlanetDetailViewController.swift */,
				4AF1D5FC272ACC4500E897B2 /* PlanetDetailPresenterProtocol.swift */,
				4AF1D5FE272ACC6400E897B2 /* PlanetDetailPresenter.swift */,
			);
			path = PlanetDetail;
			sourceTree = "<group>";
		};
		4AF1D602272ACCC000E897B2 /* Service */ = {
			isa = PBXGroup;
			children = (
				4AF1D600272ACCBB00E897B2 /* PlanetDetailViewControllerAssembler.swift */,
			);
			path = Service;
			sourceTree = "<group>";
		};
		4AF1D605272ACD1600E897B2 /* View */ = {
			isa = PBXGroup;
			children = (
				4AF1D603272ACD0900E897B2 /* PlanetDetailView.swift */,
			);
			path = View;
			sourceTree = "<group>";
		};
/* End PBXGroup section */

/* Begin PBXNativeTarget section */
		4A25C6512711CF9400EC8398 /* StarWarsApp */ = {
			isa = PBXNativeTarget;
			buildConfigurationList = 4A25C6662711CF9700EC8398 /* Build configuration list for PBXNativeTarget "StarWarsApp" */;
			buildPhases = (
				4A25C64E2711CF9400EC8398 /* Sources */,
				4A25C64F2711CF9400EC8398 /* Frameworks */,
				4A25C6502711CF9400EC8398 /* Resources */,
			);
			buildRules = (
			);
			dependencies = (
			);
			name = StarWarsApp;
			productName = StarWarsApp;
			productReference = 4A25C6522711CF9400EC8398 /* StarWarsApp.app */;
			productType = "com.apple.product-type.application";
		};
/* End PBXNativeTarget section */

/* Begin PBXProject section */
		4A25C64A2711CF9300EC8398 /* Project object */ = {
			isa = PBXProject;
			attributes = {
				BuildIndependentTargetsInParallel = 1;
				LastSwiftUpdateCheck = 1300;
				LastUpgradeCheck = 1300;
				TargetAttributes = {
					4A25C6512711CF9400EC8398 = {
						CreatedOnToolsVersion = 13.0;
					};
				};
			};
			buildConfigurationList = 4A25C64D2711CF9300EC8398 /* Build configuration list for PBXProject "StarWarsApp" */;
			compatibilityVersion = "Xcode 13.0";
			developmentRegion = en;
			hasScannedForEncodings = 0;
			knownRegions = (
				en,
				Base,
			);
			mainGroup = 4A25C6492711CF9300EC8398;
			productRefGroup = 4A25C6532711CF9400EC8398 /* Products */;
			projectDirPath = "";
			projectRoot = "";
			targets = (
				4A25C6512711CF9400EC8398 /* StarWarsApp */,
			);
		};
/* End PBXProject section */

/* Begin PBXResourcesBuildPhase section */
		4A25C6502711CF9400EC8398 /* Resources */ = {
			isa = PBXResourcesBuildPhase;
			buildActionMask = 2147483647;
			files = (
				4A25C6622711CF9700EC8398 /* LaunchScreen.storyboard in Resources */,
				4A4E482A2723556E0047EE86 /* Starjout.ttf in Resources */,
				4A25C65F2711CF9700EC8398 /* Assets.xcassets in Resources */,
			);
			runOnlyForDeploymentPostprocessing = 0;
		};
/* End PBXResourcesBuildPhase section */

/* Begin PBXSourcesBuildPhase section */
		4A25C64E2711CF9400EC8398 /* Sources */ = {
			isa = PBXSourcesBuildPhase;
			buildActionMask = 2147483647;
			files = (
				4A4E481A2722ED2B0047EE86 /* MenuViewController.swift in Sources */,
				4A4E48132720644B0047EE86 /* EntityPresenterProtocol.swift in Sources */,
				4A4E48382725B0460047EE86 /* MovieDetailPresenterProtocol.swift in Sources */,
				4A9BE1AB2729CE8900F0CD05 /* CharacterDetailView.swift in Sources */,
				4A4E47432712170D0047EE86 /* RootCoordinator.swift in Sources */,
				4A4E4747271218BB0047EE86 /* MovieCoordinator.swift in Sources */,
				4A25C6702711DE7600EC8398 /* MovieViewModel.swift in Sources */,
				4A25C66A2711DC4400EC8398 /* MovieViewController.swift in Sources */,
				4A4E47F2271D56140047EE86 /* MovieDetailViewController.swift in Sources */,
				4A4E47F9272045F60047EE86 /* MovieViewControllerAssembler.swift in Sources */,
				4A4E480B2720594B0047EE86 /* EntityShortViewModel.swift in Sources */,
				4A4E47FB27204CD40047EE86 /* EntityViewController.swift in Sources */,
				4A4E483C2725B1F70047EE86 /* MovieDetailViewControllerAssembler.swift in Sources */,
				4A9BE1A72729CDC300F0CD05 /* CharacterDetailPresenterProtocol.swift in Sources */,
				4A4E47FE2720513C0047EE86 /* Entity.swift in Sources */,
				4A4E48042720557D0047EE86 /* StarshipViewModel.swift in Sources */,
				4AF1D601272ACCBB00E897B2 /* PlanetDetailViewControllerAssembler.swift in Sources */,
				4A9BE1A12729C5B600F0CD05 /* EntityCollectionView.swift in Sources */,
				4AF1D604272ACD0900E897B2 /* PlanetDetailView.swift in Sources */,
				4A25C6722711E05C00EC8398 /* MoviePresenterProtocol.swift in Sources */,
				4A9BE1A92729CE1100F0CD05 /* CharacterDetailPresenter.swift in Sources */,
				4A4E480F272063580047EE86 /* EntityPresenter.swift in Sources */,
				4A4E4823272334860047EE86 /* Constants.swift in Sources */,
				4A4E4802272054AC0047EE86 /* PlanetViewModel.swift in Sources */,
				4A25C6562711CF9400EC8398 /* AppDelegate.swift in Sources */,
				4A4E483A2725B07A0047EE86 /* MovieDetailPresenter.swift in Sources */,
				4A4E4800272052ED0047EE86 /* CharacterViewModel.swift in Sources */,
				4A4E47F5271D56A30047EE86 /* MovieDetailView.swift in Sources */,
				4A4E4745271217C20047EE86 /* TabBarCoordinator.swift in Sources */,
				4A4E4740271215730047EE86 /* TabBarController.swift in Sources */,
				4A9BE1A32729CCCD00F0CD05 /* CharacterDetailViewController.swift in Sources */,
				4AF1D5FD272ACC4500E897B2 /* PlanetDetailPresenterProtocol.swift in Sources */,
				4A4E4811272063AF0047EE86 /* EntityViewControllerAssembler.swift in Sources */,
				4A4E4806272056B20047EE86 /* VehicleViewModel.swift in Sources */,
				4AF1D5FA272ACB2C00E897B2 /* PlanetDetailViewController.swift in Sources */,
				4A25C66C2711DCDC00EC8398 /* MoviePresenter.swift in Sources */,
				4AF1D5FF272ACC6400E897B2 /* PlanetDetailPresenter.swift in Sources */,
				4A4E47E9271CC81F0047EE86 /* MovieTableViewCell.swift in Sources */,
				4A4E4808272057000047EE86 /* SpeciesViewModel.swift in Sources */,
				4A4E481C2722F1F90047EE86 /* MenuView.swift in Sources */,
				4A25C6582711CF9400EC8398 /* SceneDelegate.swift in Sources */,
				4A9BE1AE2729F77600F0CD05 /* CharacterDetailViewControllerAssembler.swift in Sources */,
				4A4E4827272343B00047EE86 /* EntityCollectionViewCell.swift in Sources */,
				4A4E47F7272045860047EE86 /* ViewControllerAssemblerProtocol.swift in Sources */,
				4A4E481627207FA10047EE86 /* EntityCoordinator.swift in Sources */,
			);
			runOnlyForDeploymentPostprocessing = 0;
		};
/* End PBXSourcesBuildPhase section */

/* Begin PBXVariantGroup section */
		4A25C6602711CF9700EC8398 /* LaunchScreen.storyboard */ = {
			isa = PBXVariantGroup;
			children = (
				4A25C6612711CF9700EC8398 /* Base */,
			);
			name = LaunchScreen.storyboard;
			sourceTree = "<group>";
		};
/* End PBXVariantGroup section */

/* Begin XCBuildConfiguration section */
		4A25C6642711CF9700EC8398 /* Debug */ = {
			isa = XCBuildConfiguration;
			buildSettings = {
				ALWAYS_SEARCH_USER_PATHS = NO;
				CLANG_ANALYZER_NONNULL = YES;
				CLANG_ANALYZER_NUMBER_OBJECT_CONVERSION = YES_AGGRESSIVE;
				CLANG_CXX_LANGUAGE_STANDARD = "gnu++17";
				CLANG_CXX_LIBRARY = "libc++";
				CLANG_ENABLE_MODULES = YES;
				CLANG_ENABLE_OBJC_ARC = YES;
				CLANG_ENABLE_OBJC_WEAK = YES;
				CLANG_WARN_BLOCK_CAPTURE_AUTORELEASING = YES;
				CLANG_WARN_BOOL_CONVERSION = YES;
				CLANG_WARN_COMMA = YES;
				CLANG_WARN_CONSTANT_CONVERSION = YES;
				CLANG_WARN_DEPRECATED_OBJC_IMPLEMENTATIONS = YES;
				CLANG_WARN_DIRECT_OBJC_ISA_USAGE = YES_ERROR;
				CLANG_WARN_DOCUMENTATION_COMMENTS = YES;
				CLANG_WARN_EMPTY_BODY = YES;
				CLANG_WARN_ENUM_CONVERSION = YES;
				CLANG_WARN_INFINITE_RECURSION = YES;
				CLANG_WARN_INT_CONVERSION = YES;
				CLANG_WARN_NON_LITERAL_NULL_CONVERSION = YES;
				CLANG_WARN_OBJC_IMPLICIT_RETAIN_SELF = YES;
				CLANG_WARN_OBJC_LITERAL_CONVERSION = YES;
				CLANG_WARN_OBJC_ROOT_CLASS = YES_ERROR;
				CLANG_WARN_QUOTED_INCLUDE_IN_FRAMEWORK_HEADER = YES;
				CLANG_WARN_RANGE_LOOP_ANALYSIS = YES;
				CLANG_WARN_STRICT_PROTOTYPES = YES;
				CLANG_WARN_SUSPICIOUS_MOVE = YES;
				CLANG_WARN_UNGUARDED_AVAILABILITY = YES_AGGRESSIVE;
				CLANG_WARN_UNREACHABLE_CODE = YES;
				CLANG_WARN__DUPLICATE_METHOD_MATCH = YES;
				COPY_PHASE_STRIP = NO;
				DEBUG_INFORMATION_FORMAT = dwarf;
				ENABLE_STRICT_OBJC_MSGSEND = YES;
				ENABLE_TESTABILITY = YES;
				GCC_C_LANGUAGE_STANDARD = gnu11;
				GCC_DYNAMIC_NO_PIC = NO;
				GCC_NO_COMMON_BLOCKS = YES;
				GCC_OPTIMIZATION_LEVEL = 0;
				GCC_PREPROCESSOR_DEFINITIONS = (
					"DEBUG=1",
					"$(inherited)",
				);
				GCC_WARN_64_TO_32_BIT_CONVERSION = YES;
				GCC_WARN_ABOUT_RETURN_TYPE = YES_ERROR;
				GCC_WARN_UNDECLARED_SELECTOR = YES;
				GCC_WARN_UNINITIALIZED_AUTOS = YES_AGGRESSIVE;
				GCC_WARN_UNUSED_FUNCTION = YES;
				GCC_WARN_UNUSED_VARIABLE = YES;
				IPHONEOS_DEPLOYMENT_TARGET = 13.0;
				MTL_ENABLE_DEBUG_INFO = INCLUDE_SOURCE;
				MTL_FAST_MATH = YES;
				ONLY_ACTIVE_ARCH = YES;
				SDKROOT = iphoneos;
				SWIFT_ACTIVE_COMPILATION_CONDITIONS = DEBUG;
				SWIFT_OPTIMIZATION_LEVEL = "-Onone";
			};
			name = Debug;
		};
		4A25C6652711CF9700EC8398 /* Release */ = {
			isa = XCBuildConfiguration;
			buildSettings = {
				ALWAYS_SEARCH_USER_PATHS = NO;
				CLANG_ANALYZER_NONNULL = YES;
				CLANG_ANALYZER_NUMBER_OBJECT_CONVERSION = YES_AGGRESSIVE;
				CLANG_CXX_LANGUAGE_STANDARD = "gnu++17";
				CLANG_CXX_LIBRARY = "libc++";
				CLANG_ENABLE_MODULES = YES;
				CLANG_ENABLE_OBJC_ARC = YES;
				CLANG_ENABLE_OBJC_WEAK = YES;
				CLANG_WARN_BLOCK_CAPTURE_AUTORELEASING = YES;
				CLANG_WARN_BOOL_CONVERSION = YES;
				CLANG_WARN_COMMA = YES;
				CLANG_WARN_CONSTANT_CONVERSION = YES;
				CLANG_WARN_DEPRECATED_OBJC_IMPLEMENTATIONS = YES;
				CLANG_WARN_DIRECT_OBJC_ISA_USAGE = YES_ERROR;
				CLANG_WARN_DOCUMENTATION_COMMENTS = YES;
				CLANG_WARN_EMPTY_BODY = YES;
				CLANG_WARN_ENUM_CONVERSION = YES;
				CLANG_WARN_INFINITE_RECURSION = YES;
				CLANG_WARN_INT_CONVERSION = YES;
				CLANG_WARN_NON_LITERAL_NULL_CONVERSION = YES;
				CLANG_WARN_OBJC_IMPLICIT_RETAIN_SELF = YES;
				CLANG_WARN_OBJC_LITERAL_CONVERSION = YES;
				CLANG_WARN_OBJC_ROOT_CLASS = YES_ERROR;
				CLANG_WARN_QUOTED_INCLUDE_IN_FRAMEWORK_HEADER = YES;
				CLANG_WARN_RANGE_LOOP_ANALYSIS = YES;
				CLANG_WARN_STRICT_PROTOTYPES = YES;
				CLANG_WARN_SUSPICIOUS_MOVE = YES;
				CLANG_WARN_UNGUARDED_AVAILABILITY = YES_AGGRESSIVE;
				CLANG_WARN_UNREACHABLE_CODE = YES;
				CLANG_WARN__DUPLICATE_METHOD_MATCH = YES;
				COPY_PHASE_STRIP = NO;
				DEBUG_INFORMATION_FORMAT = "dwarf-with-dsym";
				ENABLE_NS_ASSERTIONS = NO;
				ENABLE_STRICT_OBJC_MSGSEND = YES;
				GCC_C_LANGUAGE_STANDARD = gnu11;
				GCC_NO_COMMON_BLOCKS = YES;
				GCC_WARN_64_TO_32_BIT_CONVERSION = YES;
				GCC_WARN_ABOUT_RETURN_TYPE = YES_ERROR;
				GCC_WARN_UNDECLARED_SELECTOR = YES;
				GCC_WARN_UNINITIALIZED_AUTOS = YES_AGGRESSIVE;
				GCC_WARN_UNUSED_FUNCTION = YES;
				GCC_WARN_UNUSED_VARIABLE = YES;
				IPHONEOS_DEPLOYMENT_TARGET = 13.0;
				MTL_ENABLE_DEBUG_INFO = NO;
				MTL_FAST_MATH = YES;
				SDKROOT = iphoneos;
				SWIFT_COMPILATION_MODE = wholemodule;
				SWIFT_OPTIMIZATION_LEVEL = "-O";
				VALIDATE_PRODUCT = YES;
			};
			name = Release;
		};
		4A25C6672711CF9700EC8398 /* Debug */ = {
			isa = XCBuildConfiguration;
			buildSettings = {
				ASSETCATALOG_COMPILER_APPICON_NAME = AppIcon;
				ASSETCATALOG_COMPILER_GLOBAL_ACCENT_COLOR_NAME = AccentColor;
				CODE_SIGN_STYLE = Automatic;
				CURRENT_PROJECT_VERSION = 1;
				DEVELOPMENT_TEAM = 77NB29ZK26;
				GENERATE_INFOPLIST_FILE = YES;
				INFOPLIST_FILE = StarWarsApp/Info.plist;
				INFOPLIST_KEY_UIApplicationSupportsIndirectInputEvents = YES;
				INFOPLIST_KEY_UILaunchStoryboardName = LaunchScreen;
				INFOPLIST_KEY_UIMainStoryboardFile = "";
				INFOPLIST_KEY_UISupportedInterfaceOrientations_iPad = "UIInterfaceOrientationPortrait UIInterfaceOrientationPortraitUpsideDown UIInterfaceOrientationLandscapeLeft UIInterfaceOrientationLandscapeRight";
				INFOPLIST_KEY_UISupportedInterfaceOrientations_iPhone = "UIInterfaceOrientationPortrait UIInterfaceOrientationLandscapeLeft UIInterfaceOrientationLandscapeRight";
				IPHONEOS_DEPLOYMENT_TARGET = 13.0;
				LD_RUNPATH_SEARCH_PATHS = (
					"$(inherited)",
					"@executable_path/Frameworks",
				);
				MARKETING_VERSION = 1.0;
				PRODUCT_BUNDLE_IDENTIFIER = com.IosStudying.StarWarsApp;
				PRODUCT_NAME = "$(TARGET_NAME)";
				SWIFT_EMIT_LOC_STRINGS = YES;
				SWIFT_VERSION = 5.0;
				TARGETED_DEVICE_FAMILY = 1;
			};
			name = Debug;
		};
		4A25C6682711CF9700EC8398 /* Release */ = {
			isa = XCBuildConfiguration;
			buildSettings = {
				ASSETCATALOG_COMPILER_APPICON_NAME = AppIcon;
				ASSETCATALOG_COMPILER_GLOBAL_ACCENT_COLOR_NAME = AccentColor;
				CODE_SIGN_STYLE = Automatic;
				CURRENT_PROJECT_VERSION = 1;
				DEVELOPMENT_TEAM = 77NB29ZK26;
				GENERATE_INFOPLIST_FILE = YES;
				INFOPLIST_FILE = StarWarsApp/Info.plist;
				INFOPLIST_KEY_UIApplicationSupportsIndirectInputEvents = YES;
				INFOPLIST_KEY_UILaunchStoryboardName = LaunchScreen;
				INFOPLIST_KEY_UIMainStoryboardFile = "";
				INFOPLIST_KEY_UISupportedInterfaceOrientations_iPad = "UIInterfaceOrientationPortrait UIInterfaceOrientationPortraitUpsideDown UIInterfaceOrientationLandscapeLeft UIInterfaceOrientationLandscapeRight";
				INFOPLIST_KEY_UISupportedInterfaceOrientations_iPhone = "UIInterfaceOrientationPortrait UIInterfaceOrientationLandscapeLeft UIInterfaceOrientationLandscapeRight";
				IPHONEOS_DEPLOYMENT_TARGET = 13.0;
				LD_RUNPATH_SEARCH_PATHS = (
					"$(inherited)",
					"@executable_path/Frameworks",
				);
				MARKETING_VERSION = 1.0;
				PRODUCT_BUNDLE_IDENTIFIER = com.IosStudying.StarWarsApp;
				PRODUCT_NAME = "$(TARGET_NAME)";
				SWIFT_EMIT_LOC_STRINGS = YES;
				SWIFT_VERSION = 5.0;
				TARGETED_DEVICE_FAMILY = 1;
			};
			name = Release;
		};
/* End XCBuildConfiguration section */

/* Begin XCConfigurationList section */
		4A25C64D2711CF9300EC8398 /* Build configuration list for PBXProject "StarWarsApp" */ = {
			isa = XCConfigurationList;
			buildConfigurations = (
				4A25C6642711CF9700EC8398 /* Debug */,
				4A25C6652711CF9700EC8398 /* Release */,
			);
			defaultConfigurationIsVisible = 0;
			defaultConfigurationName = Release;
		};
		4A25C6662711CF9700EC8398 /* Build configuration list for PBXNativeTarget "StarWarsApp" */ = {
			isa = XCConfigurationList;
			buildConfigurations = (
				4A25C6672711CF9700EC8398 /* Debug */,
				4A25C6682711CF9700EC8398 /* Release */,
			);
			defaultConfigurationIsVisible = 0;
			defaultConfigurationName = Release;
		};
/* End XCConfigurationList section */
	};
	rootObject = 4A25C64A2711CF9300EC8398 /* Project object */;
}
