// !$*UTF8*$!
{
	archiveVersion = 1;
	classes = {
	};
	objectVersion = 55;
	objects = {

/* Begin PBXBuildFile section */
		4A180477272C60DE00E77660 /* VehicleDetailViewController.swift in Sources */ = {isa = PBXBuildFile; fileRef = 4A180476272C60DE00E77660 /* VehicleDetailViewController.swift */; };
		4A18047A272C61A500E77660 /* VehicleDetailPresenterProtocol.swift in Sources */ = {isa = PBXBuildFile; fileRef = 4A180479272C61A500E77660 /* VehicleDetailPresenterProtocol.swift */; };
		4A18047C272C61D700E77660 /* VehicleDetailPresenter.swift in Sources */ = {isa = PBXBuildFile; fileRef = 4A18047B272C61D700E77660 /* VehicleDetailPresenter.swift */; };
		4A18047E272C621800E77660 /* VehicleDetailViewControllerAssembler.swift in Sources */ = {isa = PBXBuildFile; fileRef = 4A18047D272C621800E77660 /* VehicleDetailViewControllerAssembler.swift */; };
		4A180481272C626200E77660 /* VehicleDetailView.swift in Sources */ = {isa = PBXBuildFile; fileRef = 4A180480272C626200E77660 /* VehicleDetailView.swift */; };
		4A180484272C6A0500E77660 /* BaseLabel.swift in Sources */ = {isa = PBXBuildFile; fileRef = 4A180483272C6A0500E77660 /* BaseLabel.swift */; };
		4A180486272C6B4400E77660 /* BaseValueLabel.swift in Sources */ = {isa = PBXBuildFile; fileRef = 4A180485272C6B4400E77660 /* BaseValueLabel.swift */; };
		4A180489272C6DBC00E77660 /* BaseLabelStackView.swift in Sources */ = {isa = PBXBuildFile; fileRef = 4A180488272C6DBC00E77660 /* BaseLabelStackView.swift */; };
		4A1804E02733F85B00E77660 /* MoviePresenter.swift in Sources */ = {isa = PBXBuildFile; fileRef = 4A1804DF2733F85B00E77660 /* MoviePresenter.swift */; };
		4A1804E22733FB6F00E77660 /* SpinnerViewController.swift in Sources */ = {isa = PBXBuildFile; fileRef = 4A1804E12733FB6F00E77660 /* SpinnerViewController.swift */; };
		4A1804E42733FBD700E77660 /* MovieViewModel.swift in Sources */ = {isa = PBXBuildFile; fileRef = 4A1804E32733FBD700E77660 /* MovieViewModel.swift */; };
		4A1804E82733FC8D00E77660 /* NetworkServiceError.swift in Sources */ = {isa = PBXBuildFile; fileRef = 4A1804E72733FC8D00E77660 /* NetworkServiceError.swift */; };
		4A1804EA2733FCCF00E77660 /* Route.swift in Sources */ = {isa = PBXBuildFile; fileRef = 4A1804E92733FCCF00E77660 /* Route.swift */; };
		4A1804EC2733FCF000E77660 /* HTTPClientProtocol.swift in Sources */ = {isa = PBXBuildFile; fileRef = 4A1804EB2733FCF000E77660 /* HTTPClientProtocol.swift */; };
		4A1804EE2733FD0800E77660 /* HTTPClient.swift in Sources */ = {isa = PBXBuildFile; fileRef = 4A1804ED2733FD0800E77660 /* HTTPClient.swift */; };
		4A1804F12733FD7600E77660 /* ImageDataLoaderProtocol.swift in Sources */ = {isa = PBXBuildFile; fileRef = 4A1804F02733FD7600E77660 /* ImageDataLoaderProtocol.swift */; };
		4A1804F32733FDA700E77660 /* ImageDataLoader.swift in Sources */ = {isa = PBXBuildFile; fileRef = 4A1804F22733FDA700E77660 /* ImageDataLoader.swift */; };
		4A1804F62733FE6300E77660 /* MovieResponse.swift in Sources */ = {isa = PBXBuildFile; fileRef = 4A1804F52733FE6300E77660 /* MovieResponse.swift */; };
		4A1804F92733FEE300E77660 /* MovieRoute.swift in Sources */ = {isa = PBXBuildFile; fileRef = 4A1804F82733FEE300E77660 /* MovieRoute.swift */; };
		4A1804FB2733FF9F00E77660 /* MovieImageRoute.swift in Sources */ = {isa = PBXBuildFile; fileRef = 4A1804FA2733FF9F00E77660 /* MovieImageRoute.swift */; };
		4A1804FD2733FFD900E77660 /* MovieNetworkService.swift in Sources */ = {isa = PBXBuildFile; fileRef = 4A1804FC2733FFD900E77660 /* MovieNetworkService.swift */; };
		4A25C6562711CF9400EC8398 /* AppDelegate.swift in Sources */ = {isa = PBXBuildFile; fileRef = 4A25C6552711CF9400EC8398 /* AppDelegate.swift */; };
		4A25C6582711CF9400EC8398 /* SceneDelegate.swift in Sources */ = {isa = PBXBuildFile; fileRef = 4A25C6572711CF9400EC8398 /* SceneDelegate.swift */; };
		4A25C65F2711CF9700EC8398 /* Assets.xcassets in Resources */ = {isa = PBXBuildFile; fileRef = 4A25C65E2711CF9700EC8398 /* Assets.xcassets */; };
		4A25C6622711CF9700EC8398 /* LaunchScreen.storyboard in Resources */ = {isa = PBXBuildFile; fileRef = 4A25C6602711CF9700EC8398 /* LaunchScreen.storyboard */; };
		4A25C66A2711DC4400EC8398 /* MovieViewController.swift in Sources */ = {isa = PBXBuildFile; fileRef = 4A25C6692711DC4400EC8398 /* MovieViewController.swift */; };
		4A25C6702711DE7600EC8398 /* MovieDetailViewModel.swift in Sources */ = {isa = PBXBuildFile; fileRef = 4A25C66F2711DE7500EC8398 /* MovieDetailViewModel.swift */; };
		4A25C6722711E05C00EC8398 /* MoviePresenterProtocol.swift in Sources */ = {isa = PBXBuildFile; fileRef = 4A25C6712711E05C00EC8398 /* MoviePresenterProtocol.swift */; };
		4A3855D427344A5F00E99451 /* CharacterResponse.swift in Sources */ = {isa = PBXBuildFile; fileRef = 4A3855D327344A5F00E99451 /* CharacterResponse.swift */; };
		4A3855D627344BAE00E99451 /* PlanetResponse.swift in Sources */ = {isa = PBXBuildFile; fileRef = 4A3855D527344BAE00E99451 /* PlanetResponse.swift */; };
		4A3855D827344C4900E99451 /* SpeciesResponse.swift in Sources */ = {isa = PBXBuildFile; fileRef = 4A3855D727344C4900E99451 /* SpeciesResponse.swift */; };
		4A3855DA27344CD900E99451 /* StarshipResponse.swift in Sources */ = {isa = PBXBuildFile; fileRef = 4A3855D927344CD900E99451 /* StarshipResponse.swift */; };
		4A3855DC27344DC500E99451 /* VehicleResponse.swift in Sources */ = {isa = PBXBuildFile; fileRef = 4A3855DB27344DC500E99451 /* VehicleResponse.swift */; };
		4A3855DF27344E6900E99451 /* CharacterNetworkService.swift in Sources */ = {isa = PBXBuildFile; fileRef = 4A3855DE27344E6900E99451 /* CharacterNetworkService.swift */; };
		4A3855E12736A5F300E99451 /* EntityContainerViewController.swift in Sources */ = {isa = PBXBuildFile; fileRef = 4A3855E02736A5F300E99451 /* EntityContainerViewController.swift */; };
		4A3855E32736B9F000E99451 /* SpinnerManager.swift in Sources */ = {isa = PBXBuildFile; fileRef = 4A3855E22736B9F000E99451 /* SpinnerManager.swift */; };
		4A3855E62736BE5C00E99451 /* EntityContainerCoordinator.swift in Sources */ = {isa = PBXBuildFile; fileRef = 4A3855E52736BE5C00E99451 /* EntityContainerCoordinator.swift */; };
		4A3855F02736CF5A00E99451 /* PlanetNetworkService.swift in Sources */ = {isa = PBXBuildFile; fileRef = 4A3855EF2736CF5A00E99451 /* PlanetNetworkService.swift */; };
		4A3855F22736CF9E00E99451 /* PlanetViewControllerAssembler.swift in Sources */ = {isa = PBXBuildFile; fileRef = 4A3855F12736CF9E00E99451 /* PlanetViewControllerAssembler.swift */; };
		4A3855F52736CFEE00E99451 /* PlanetPresenter.swift in Sources */ = {isa = PBXBuildFile; fileRef = 4A3855F42736CFEE00E99451 /* PlanetPresenter.swift */; };
		4A3855F92736EF5500E99451 /* SpeciesNetworkService.swift in Sources */ = {isa = PBXBuildFile; fileRef = 4A3855F82736EF5500E99451 /* SpeciesNetworkService.swift */; };
		4A3855FB2736EF9300E99451 /* SpeciesViewControllerAssembler.swift in Sources */ = {isa = PBXBuildFile; fileRef = 4A3855FA2736EF9300E99451 /* SpeciesViewControllerAssembler.swift */; };
		4A3856002736F02300E99451 /* SpeciesPresenter.swift in Sources */ = {isa = PBXBuildFile; fileRef = 4A3855FF2736F02300E99451 /* SpeciesPresenter.swift */; };
		4A3856042736FBD900E99451 /* StarshipNetworkService.swift in Sources */ = {isa = PBXBuildFile; fileRef = 4A3856032736FBD900E99451 /* StarshipNetworkService.swift */; };
		4A3856062736FC0D00E99451 /* StarshipViewControllerAssembler.swift in Sources */ = {isa = PBXBuildFile; fileRef = 4A3856052736FC0D00E99451 /* StarshipViewControllerAssembler.swift */; };
		4A38560B2736FC9A00E99451 /* StarshipPresenter.swift in Sources */ = {isa = PBXBuildFile; fileRef = 4A38560A2736FC9A00E99451 /* StarshipPresenter.swift */; };
		4A38560F27370E5A00E99451 /* VehicleNetworkService.swift in Sources */ = {isa = PBXBuildFile; fileRef = 4A38560E27370E5A00E99451 /* VehicleNetworkService.swift */; };
		4A38561127370E9400E99451 /* VehicleViewControllerAssembler.swift in Sources */ = {isa = PBXBuildFile; fileRef = 4A38561027370E9400E99451 /* VehicleViewControllerAssembler.swift */; };
		4A38561627370F1800E99451 /* VehiclePresenter.swift in Sources */ = {isa = PBXBuildFile; fileRef = 4A38561527370F1800E99451 /* VehiclePresenter.swift */; };
		4A4E4740271215730047EE86 /* TabBarController.swift in Sources */ = {isa = PBXBuildFile; fileRef = 4A4E473F271215730047EE86 /* TabBarController.swift */; };
		4A4E47432712170D0047EE86 /* RootCoordinator.swift in Sources */ = {isa = PBXBuildFile; fileRef = 4A4E47422712170D0047EE86 /* RootCoordinator.swift */; };
		4A4E4745271217C20047EE86 /* TabBarCoordinator.swift in Sources */ = {isa = PBXBuildFile; fileRef = 4A4E4744271217C20047EE86 /* TabBarCoordinator.swift */; };
		4A4E4747271218BB0047EE86 /* MovieCoordinator.swift in Sources */ = {isa = PBXBuildFile; fileRef = 4A4E4746271218BB0047EE86 /* MovieCoordinator.swift */; };
		4A4E47E9271CC81F0047EE86 /* MovieTableViewCell.swift in Sources */ = {isa = PBXBuildFile; fileRef = 4A4E47E8271CC81F0047EE86 /* MovieTableViewCell.swift */; };
		4A4E47F2271D56140047EE86 /* MovieDetailViewController.swift in Sources */ = {isa = PBXBuildFile; fileRef = 4A4E47F1271D56140047EE86 /* MovieDetailViewController.swift */; };
		4A4E47F5271D56A30047EE86 /* MovieDetailView.swift in Sources */ = {isa = PBXBuildFile; fileRef = 4A4E47F4271D56A30047EE86 /* MovieDetailView.swift */; };
		4A4E47F7272045860047EE86 /* ViewControllerAssemblerProtocol.swift in Sources */ = {isa = PBXBuildFile; fileRef = 4A4E47F6272045860047EE86 /* ViewControllerAssemblerProtocol.swift */; };
		4A4E47F9272045F60047EE86 /* MovieViewControllerAssembler.swift in Sources */ = {isa = PBXBuildFile; fileRef = 4A4E47F8272045F60047EE86 /* MovieViewControllerAssembler.swift */; };
		4A4E47FB27204CD40047EE86 /* EntityViewController.swift in Sources */ = {isa = PBXBuildFile; fileRef = 4A4E47FA27204CD40047EE86 /* EntityViewController.swift */; };
		4A4E47FE2720513C0047EE86 /* EntityRoute.swift in Sources */ = {isa = PBXBuildFile; fileRef = 4A4E47FD2720513C0047EE86 /* EntityRoute.swift */; };
		4A4E4800272052ED0047EE86 /* CharacterViewModel.swift in Sources */ = {isa = PBXBuildFile; fileRef = 4A4E47FF272052EC0047EE86 /* CharacterViewModel.swift */; };
		4A4E4802272054AC0047EE86 /* PlanetViewModel.swift in Sources */ = {isa = PBXBuildFile; fileRef = 4A4E4801272054AC0047EE86 /* PlanetViewModel.swift */; };
		4A4E48042720557D0047EE86 /* StarshipViewModel.swift in Sources */ = {isa = PBXBuildFile; fileRef = 4A4E48032720557D0047EE86 /* StarshipViewModel.swift */; };
		4A4E4806272056B20047EE86 /* VehicleViewModel.swift in Sources */ = {isa = PBXBuildFile; fileRef = 4A4E4805272056B20047EE86 /* VehicleViewModel.swift */; };
		4A4E4808272057000047EE86 /* SpeciesViewModel.swift in Sources */ = {isa = PBXBuildFile; fileRef = 4A4E4807272057000047EE86 /* SpeciesViewModel.swift */; };
		4A4E480B2720594B0047EE86 /* EntityShortViewModel.swift in Sources */ = {isa = PBXBuildFile; fileRef = 4A4E480A2720594A0047EE86 /* EntityShortViewModel.swift */; };
		4A4E480F272063580047EE86 /* CharacterPresenter.swift in Sources */ = {isa = PBXBuildFile; fileRef = 4A4E480E272063580047EE86 /* CharacterPresenter.swift */; };
		4A4E4811272063AF0047EE86 /* CharacterViewControllerAssembler.swift in Sources */ = {isa = PBXBuildFile; fileRef = 4A4E4810272063AF0047EE86 /* CharacterViewControllerAssembler.swift */; };
		4A4E48132720644B0047EE86 /* EntityPresenterProtocol.swift in Sources */ = {isa = PBXBuildFile; fileRef = 4A4E48122720644B0047EE86 /* EntityPresenterProtocol.swift */; };
		4A4E481A2722ED2B0047EE86 /* MenuViewController.swift in Sources */ = {isa = PBXBuildFile; fileRef = 4A4E48192722ED2B0047EE86 /* MenuViewController.swift */; };
		4A4E481C2722F1F90047EE86 /* MenuView.swift in Sources */ = {isa = PBXBuildFile; fileRef = 4A4E481B2722F1F90047EE86 /* MenuView.swift */; };
		4A4E4823272334860047EE86 /* Constants.swift in Sources */ = {isa = PBXBuildFile; fileRef = 4A4E4822272334860047EE86 /* Constants.swift */; };
		4A4E4827272343B00047EE86 /* EntityCollectionViewCell.swift in Sources */ = {isa = PBXBuildFile; fileRef = 4A4E4826272343B00047EE86 /* EntityCollectionViewCell.swift */; };
		4A4E482A2723556E0047EE86 /* Starjout.ttf in Resources */ = {isa = PBXBuildFile; fileRef = 4A4E482427233EA40047EE86 /* Starjout.ttf */; };
		4A4E48382725B0460047EE86 /* MovieDetailPresenterProtocol.swift in Sources */ = {isa = PBXBuildFile; fileRef = 4A4E48372725B0460047EE86 /* MovieDetailPresenterProtocol.swift */; };
		4A4E483A2725B07A0047EE86 /* MovieDetailPresenter.swift in Sources */ = {isa = PBXBuildFile; fileRef = 4A4E48392725B07A0047EE86 /* MovieDetailPresenter.swift */; };
		4A4E483C2725B1F70047EE86 /* MovieDetailViewControllerAssembler.swift in Sources */ = {isa = PBXBuildFile; fileRef = 4A4E483B2725B1F70047EE86 /* MovieDetailViewControllerAssembler.swift */; };
		4A9BE1A12729C5B600F0CD05 /* EntityCollectionView.swift in Sources */ = {isa = PBXBuildFile; fileRef = 4A9BE1A02729C5B600F0CD05 /* EntityCollectionView.swift */; };
		4A9BE1A32729CCCD00F0CD05 /* CharacterDetailViewController.swift in Sources */ = {isa = PBXBuildFile; fileRef = 4A9BE1A22729CCCD00F0CD05 /* CharacterDetailViewController.swift */; };
		4A9BE1A72729CDC300F0CD05 /* CharacterDetailPresenterProtocol.swift in Sources */ = {isa = PBXBuildFile; fileRef = 4A9BE1A62729CDC300F0CD05 /* CharacterDetailPresenterProtocol.swift */; };
		4A9BE1A92729CE1100F0CD05 /* CharacterDetailPresenter.swift in Sources */ = {isa = PBXBuildFile; fileRef = 4A9BE1A82729CE1100F0CD05 /* CharacterDetailPresenter.swift */; };
		4A9BE1AB2729CE8900F0CD05 /* CharacterDetailView.swift in Sources */ = {isa = PBXBuildFile; fileRef = 4A9BE1AA2729CE8900F0CD05 /* CharacterDetailView.swift */; };
		4A9BE1AE2729F77600F0CD05 /* CharacterDetailViewControllerAssembler.swift in Sources */ = {isa = PBXBuildFile; fileRef = 4A9BE1AD2729F77600F0CD05 /* CharacterDetailViewControllerAssembler.swift */; };
		4AA2A00227398DAF0077573F /* Formatter + Exetension.swift in Sources */ = {isa = PBXBuildFile; fileRef = 4AA29FFF27398DAF0077573F /* Formatter + Exetension.swift */; };
		4AA2A00327398DAF0077573F /* Int + Extension.swift in Sources */ = {isa = PBXBuildFile; fileRef = 4AA2A00027398DAF0077573F /* Int + Extension.swift */; };
		4AA2A00427398DAF0077573F /* String + Extension.swift in Sources */ = {isa = PBXBuildFile; fileRef = 4AA2A00127398DAF0077573F /* String + Extension.swift */; };
		4AF1D5FA272ACB2C00E897B2 /* PlanetDetailViewController.swift in Sources */ = {isa = PBXBuildFile; fileRef = 4AF1D5F9272ACB2C00E897B2 /* PlanetDetailViewController.swift */; };
		4AF1D5FD272ACC4500E897B2 /* PlanetDetailPresenterProtocol.swift in Sources */ = {isa = PBXBuildFile; fileRef = 4AF1D5FC272ACC4500E897B2 /* PlanetDetailPresenterProtocol.swift */; };
		4AF1D5FF272ACC6400E897B2 /* PlanetDetailPresenter.swift in Sources */ = {isa = PBXBuildFile; fileRef = 4AF1D5FE272ACC6400E897B2 /* PlanetDetailPresenter.swift */; };
		4AF1D601272ACCBB00E897B2 /* PlanetDetailViewControllerAssembler.swift in Sources */ = {isa = PBXBuildFile; fileRef = 4AF1D600272ACCBB00E897B2 /* PlanetDetailViewControllerAssembler.swift */; };
		4AF1D604272ACD0900E897B2 /* PlanetDetailView.swift in Sources */ = {isa = PBXBuildFile; fileRef = 4AF1D603272ACD0900E897B2 /* PlanetDetailView.swift */; };
		4AF1D607272ADCBE00E897B2 /* SpeciesDetailViewController.swift in Sources */ = {isa = PBXBuildFile; fileRef = 4AF1D606272ADCBE00E897B2 /* SpeciesDetailViewController.swift */; };
		4AF1D60A272ADD8A00E897B2 /* SpeciesDetailPresenterProtocol.swift in Sources */ = {isa = PBXBuildFile; fileRef = 4AF1D609272ADD8A00E897B2 /* SpeciesDetailPresenterProtocol.swift */; };
		4AF1D60C272ADDB300E897B2 /* SpeciesDetailPresenter.swift in Sources */ = {isa = PBXBuildFile; fileRef = 4AF1D60B272ADDB300E897B2 /* SpeciesDetailPresenter.swift */; };
		4AF1D60E272ADDFC00E897B2 /* SpeciesDetailViewControllerAssembler.swift in Sources */ = {isa = PBXBuildFile; fileRef = 4AF1D60D272ADDFC00E897B2 /* SpeciesDetailViewControllerAssembler.swift */; };
		4AF1D611272ADE4500E897B2 /* SpeciesDetailView.swift in Sources */ = {isa = PBXBuildFile; fileRef = 4AF1D610272ADE4500E897B2 /* SpeciesDetailView.swift */; };
		4AF1D614272B32B900E897B2 /* StarshipDetailViewController.swift in Sources */ = {isa = PBXBuildFile; fileRef = 4AF1D613272B32B900E897B2 /* StarshipDetailViewController.swift */; };
		4AF1D617272B331200E897B2 /* StarshipDetailPresenterProtocol.swift in Sources */ = {isa = PBXBuildFile; fileRef = 4AF1D616272B331200E897B2 /* StarshipDetailPresenterProtocol.swift */; };
		4AF1D619272B333A00E897B2 /* StarshipDetailPresenter.swift in Sources */ = {isa = PBXBuildFile; fileRef = 4AF1D618272B333A00E897B2 /* StarshipDetailPresenter.swift */; };
		4AF1D61B272B33E100E897B2 /* StarshipDetailViewControllerAssembler.swift in Sources */ = {isa = PBXBuildFile; fileRef = 4AF1D61A272B33E100E897B2 /* StarshipDetailViewControllerAssembler.swift */; };
		4AF1D61E272B345500E897B2 /* StarshipDetailView.swift in Sources */ = {isa = PBXBuildFile; fileRef = 4AF1D61D272B345500E897B2 /* StarshipDetailView.swift */; };
/* End PBXBuildFile section */

/* Begin PBXFileReference section */
		4A180476272C60DE00E77660 /* VehicleDetailViewController.swift */ = {isa = PBXFileReference; lastKnownFileType = sourcecode.swift; path = VehicleDetailViewController.swift; sourceTree = "<group>"; };
		4A180479272C61A500E77660 /* VehicleDetailPresenterProtocol.swift */ = {isa = PBXFileReference; lastKnownFileType = sourcecode.swift; path = VehicleDetailPresenterProtocol.swift; sourceTree = "<group>"; };
		4A18047B272C61D700E77660 /* VehicleDetailPresenter.swift */ = {isa = PBXFileReference; lastKnownFileType = sourcecode.swift; path = VehicleDetailPresenter.swift; sourceTree = "<group>"; };
		4A18047D272C621800E77660 /* VehicleDetailViewControllerAssembler.swift */ = {isa = PBXFileReference; lastKnownFileType = sourcecode.swift; path = VehicleDetailViewControllerAssembler.swift; sourceTree = "<group>"; };
		4A180480272C626200E77660 /* VehicleDetailView.swift */ = {isa = PBXFileReference; lastKnownFileType = sourcecode.swift; path = VehicleDetailView.swift; sourceTree = "<group>"; };
		4A180483272C6A0500E77660 /* BaseLabel.swift */ = {isa = PBXFileReference; lastKnownFileType = sourcecode.swift; path = BaseLabel.swift; sourceTree = "<group>"; };
		4A180485272C6B4400E77660 /* BaseValueLabel.swift */ = {isa = PBXFileReference; lastKnownFileType = sourcecode.swift; path = BaseValueLabel.swift; sourceTree = "<group>"; };
		4A180488272C6DBC00E77660 /* BaseLabelStackView.swift */ = {isa = PBXFileReference; lastKnownFileType = sourcecode.swift; path = BaseLabelStackView.swift; sourceTree = "<group>"; };
		4A1804DF2733F85B00E77660 /* MoviePresenter.swift */ = {isa = PBXFileReference; fileEncoding = 4; lastKnownFileType = sourcecode.swift; path = MoviePresenter.swift; sourceTree = "<group>"; };
		4A1804E12733FB6F00E77660 /* SpinnerViewController.swift */ = {isa = PBXFileReference; lastKnownFileType = sourcecode.swift; path = SpinnerViewController.swift; sourceTree = "<group>"; };
		4A1804E32733FBD700E77660 /* MovieViewModel.swift */ = {isa = PBXFileReference; lastKnownFileType = sourcecode.swift; path = MovieViewModel.swift; sourceTree = "<group>"; };
		4A1804E72733FC8D00E77660 /* NetworkServiceError.swift */ = {isa = PBXFileReference; lastKnownFileType = sourcecode.swift; path = NetworkServiceError.swift; sourceTree = "<group>"; };
		4A1804E92733FCCF00E77660 /* Route.swift */ = {isa = PBXFileReference; lastKnownFileType = sourcecode.swift; path = Route.swift; sourceTree = "<group>"; };
		4A1804EB2733FCF000E77660 /* HTTPClientProtocol.swift */ = {isa = PBXFileReference; lastKnownFileType = sourcecode.swift; path = HTTPClientProtocol.swift; sourceTree = "<group>"; };
		4A1804ED2733FD0800E77660 /* HTTPClient.swift */ = {isa = PBXFileReference; lastKnownFileType = sourcecode.swift; path = HTTPClient.swift; sourceTree = "<group>"; };
		4A1804F02733FD7600E77660 /* ImageDataLoaderProtocol.swift */ = {isa = PBXFileReference; lastKnownFileType = sourcecode.swift; path = ImageDataLoaderProtocol.swift; sourceTree = "<group>"; };
		4A1804F22733FDA700E77660 /* ImageDataLoader.swift */ = {isa = PBXFileReference; lastKnownFileType = sourcecode.swift; path = ImageDataLoader.swift; sourceTree = "<group>"; };
		4A1804F52733FE6300E77660 /* MovieResponse.swift */ = {isa = PBXFileReference; lastKnownFileType = sourcecode.swift; path = MovieResponse.swift; sourceTree = "<group>"; };
		4A1804F82733FEE300E77660 /* MovieRoute.swift */ = {isa = PBXFileReference; lastKnownFileType = sourcecode.swift; path = MovieRoute.swift; sourceTree = "<group>"; };
		4A1804FA2733FF9F00E77660 /* MovieImageRoute.swift */ = {isa = PBXFileReference; lastKnownFileType = sourcecode.swift; path = MovieImageRoute.swift; sourceTree = "<group>"; };
		4A1804FC2733FFD900E77660 /* MovieNetworkService.swift */ = {isa = PBXFileReference; lastKnownFileType = sourcecode.swift; path = MovieNetworkService.swift; sourceTree = "<group>"; };
		4A25C6522711CF9400EC8398 /* StarWarsApp.app */ = {isa = PBXFileReference; explicitFileType = wrapper.application; includeInIndex = 0; path = StarWarsApp.app; sourceTree = BUILT_PRODUCTS_DIR; };
		4A25C6552711CF9400EC8398 /* AppDelegate.swift */ = {isa = PBXFileReference; lastKnownFileType = sourcecode.swift; path = AppDelegate.swift; sourceTree = "<group>"; };
		4A25C6572711CF9400EC8398 /* SceneDelegate.swift */ = {isa = PBXFileReference; lastKnownFileType = sourcecode.swift; path = SceneDelegate.swift; sourceTree = "<group>"; };
		4A25C65E2711CF9700EC8398 /* Assets.xcassets */ = {isa = PBXFileReference; lastKnownFileType = folder.assetcatalog; path = Assets.xcassets; sourceTree = "<group>"; };
		4A25C6612711CF9700EC8398 /* Base */ = {isa = PBXFileReference; lastKnownFileType = file.storyboard; name = Base; path = Base.lproj/LaunchScreen.storyboard; sourceTree = "<group>"; };
		4A25C6632711CF9700EC8398 /* Info.plist */ = {isa = PBXFileReference; lastKnownFileType = text.plist.xml; path = Info.plist; sourceTree = "<group>"; };
		4A25C6692711DC4400EC8398 /* MovieViewController.swift */ = {isa = PBXFileReference; lastKnownFileType = sourcecode.swift; path = MovieViewController.swift; sourceTree = "<group>"; };
		4A25C66F2711DE7500EC8398 /* MovieDetailViewModel.swift */ = {isa = PBXFileReference; lastKnownFileType = sourcecode.swift; path = MovieDetailViewModel.swift; sourceTree = "<group>"; };
		4A25C6712711E05C00EC8398 /* MoviePresenterProtocol.swift */ = {isa = PBXFileReference; lastKnownFileType = sourcecode.swift; path = MoviePresenterProtocol.swift; sourceTree = "<group>"; };
		4A3855D327344A5F00E99451 /* CharacterResponse.swift */ = {isa = PBXFileReference; lastKnownFileType = sourcecode.swift; path = CharacterResponse.swift; sourceTree = "<group>"; };
		4A3855D527344BAE00E99451 /* PlanetResponse.swift */ = {isa = PBXFileReference; lastKnownFileType = sourcecode.swift; path = PlanetResponse.swift; sourceTree = "<group>"; };
		4A3855D727344C4900E99451 /* SpeciesResponse.swift */ = {isa = PBXFileReference; lastKnownFileType = sourcecode.swift; path = SpeciesResponse.swift; sourceTree = "<group>"; };
		4A3855D927344CD900E99451 /* StarshipResponse.swift */ = {isa = PBXFileReference; lastKnownFileType = sourcecode.swift; path = StarshipResponse.swift; sourceTree = "<group>"; };
		4A3855DB27344DC500E99451 /* VehicleResponse.swift */ = {isa = PBXFileReference; lastKnownFileType = sourcecode.swift; path = VehicleResponse.swift; sourceTree = "<group>"; };
		4A3855DE27344E6900E99451 /* CharacterNetworkService.swift */ = {isa = PBXFileReference; lastKnownFileType = sourcecode.swift; path = CharacterNetworkService.swift; sourceTree = "<group>"; };
		4A3855E02736A5F300E99451 /* EntityContainerViewController.swift */ = {isa = PBXFileReference; lastKnownFileType = sourcecode.swift; path = EntityContainerViewController.swift; sourceTree = "<group>"; };
		4A3855E22736B9F000E99451 /* SpinnerManager.swift */ = {isa = PBXFileReference; lastKnownFileType = sourcecode.swift; path = SpinnerManager.swift; sourceTree = "<group>"; };
		4A3855E52736BE5C00E99451 /* EntityContainerCoordinator.swift */ = {isa = PBXFileReference; lastKnownFileType = sourcecode.swift; path = EntityContainerCoordinator.swift; sourceTree = "<group>"; };
		4A3855EF2736CF5A00E99451 /* PlanetNetworkService.swift */ = {isa = PBXFileReference; lastKnownFileType = sourcecode.swift; path = PlanetNetworkService.swift; sourceTree = "<group>"; };
		4A3855F12736CF9E00E99451 /* PlanetViewControllerAssembler.swift */ = {isa = PBXFileReference; lastKnownFileType = sourcecode.swift; path = PlanetViewControllerAssembler.swift; sourceTree = "<group>"; };
		4A3855F42736CFEE00E99451 /* PlanetPresenter.swift */ = {isa = PBXFileReference; lastKnownFileType = sourcecode.swift; path = PlanetPresenter.swift; sourceTree = "<group>"; };
		4A3855F82736EF5500E99451 /* SpeciesNetworkService.swift */ = {isa = PBXFileReference; lastKnownFileType = sourcecode.swift; path = SpeciesNetworkService.swift; sourceTree = "<group>"; };
		4A3855FA2736EF9300E99451 /* SpeciesViewControllerAssembler.swift */ = {isa = PBXFileReference; lastKnownFileType = sourcecode.swift; path = SpeciesViewControllerAssembler.swift; sourceTree = "<group>"; };
		4A3855FF2736F02300E99451 /* SpeciesPresenter.swift */ = {isa = PBXFileReference; lastKnownFileType = sourcecode.swift; path = SpeciesPresenter.swift; sourceTree = "<group>"; };
		4A3856032736FBD900E99451 /* StarshipNetworkService.swift */ = {isa = PBXFileReference; lastKnownFileType = sourcecode.swift; path = StarshipNetworkService.swift; sourceTree = "<group>"; };
		4A3856052736FC0D00E99451 /* StarshipViewControllerAssembler.swift */ = {isa = PBXFileReference; lastKnownFileType = sourcecode.swift; path = StarshipViewControllerAssembler.swift; sourceTree = "<group>"; };
		4A38560A2736FC9A00E99451 /* StarshipPresenter.swift */ = {isa = PBXFileReference; lastKnownFileType = sourcecode.swift; path = StarshipPresenter.swift; sourceTree = "<group>"; };
		4A38560E27370E5A00E99451 /* VehicleNetworkService.swift */ = {isa = PBXFileReference; lastKnownFileType = sourcecode.swift; path = VehicleNetworkService.swift; sourceTree = "<group>"; };
		4A38561027370E9400E99451 /* VehicleViewControllerAssembler.swift */ = {isa = PBXFileReference; lastKnownFileType = sourcecode.swift; path = VehicleViewControllerAssembler.swift; sourceTree = "<group>"; };
		4A38561527370F1800E99451 /* VehiclePresenter.swift */ = {isa = PBXFileReference; lastKnownFileType = sourcecode.swift; path = VehiclePresenter.swift; sourceTree = "<group>"; };
		4A4E473F271215730047EE86 /* TabBarController.swift */ = {isa = PBXFileReference; lastKnownFileType = sourcecode.swift; path = TabBarController.swift; sourceTree = "<group>"; };
		4A4E47422712170D0047EE86 /* RootCoordinator.swift */ = {isa = PBXFileReference; lastKnownFileType = sourcecode.swift; path = RootCoordinator.swift; sourceTree = "<group>"; };
		4A4E4744271217C20047EE86 /* TabBarCoordinator.swift */ = {isa = PBXFileReference; lastKnownFileType = sourcecode.swift; path = TabBarCoordinator.swift; sourceTree = "<group>"; };
		4A4E4746271218BB0047EE86 /* MovieCoordinator.swift */ = {isa = PBXFileReference; lastKnownFileType = sourcecode.swift; path = MovieCoordinator.swift; sourceTree = "<group>"; };
		4A4E47E8271CC81F0047EE86 /* MovieTableViewCell.swift */ = {isa = PBXFileReference; lastKnownFileType = sourcecode.swift; path = MovieTableViewCell.swift; sourceTree = "<group>"; };
		4A4E47F1271D56140047EE86 /* MovieDetailViewController.swift */ = {isa = PBXFileReference; lastKnownFileType = sourcecode.swift; path = MovieDetailViewController.swift; sourceTree = "<group>"; };
		4A4E47F4271D56A30047EE86 /* MovieDetailView.swift */ = {isa = PBXFileReference; lastKnownFileType = sourcecode.swift; path = MovieDetailView.swift; sourceTree = "<group>"; };
		4A4E47F6272045860047EE86 /* ViewControllerAssemblerProtocol.swift */ = {isa = PBXFileReference; lastKnownFileType = sourcecode.swift; path = ViewControllerAssemblerProtocol.swift; sourceTree = "<group>"; };
		4A4E47F8272045F60047EE86 /* MovieViewControllerAssembler.swift */ = {isa = PBXFileReference; lastKnownFileType = sourcecode.swift; path = MovieViewControllerAssembler.swift; sourceTree = "<group>"; };
		4A4E47FA27204CD40047EE86 /* EntityViewController.swift */ = {isa = PBXFileReference; lastKnownFileType = sourcecode.swift; path = EntityViewController.swift; sourceTree = "<group>"; };
		4A4E47FD2720513C0047EE86 /* EntityRoute.swift */ = {isa = PBXFileReference; lastKnownFileType = sourcecode.swift; path = EntityRoute.swift; sourceTree = "<group>"; };
		4A4E47FF272052EC0047EE86 /* CharacterViewModel.swift */ = {isa = PBXFileReference; lastKnownFileType = sourcecode.swift; path = CharacterViewModel.swift; sourceTree = "<group>"; };
		4A4E4801272054AC0047EE86 /* PlanetViewModel.swift */ = {isa = PBXFileReference; lastKnownFileType = sourcecode.swift; path = PlanetViewModel.swift; sourceTree = "<group>"; };
		4A4E48032720557D0047EE86 /* StarshipViewModel.swift */ = {isa = PBXFileReference; lastKnownFileType = sourcecode.swift; path = StarshipViewModel.swift; sourceTree = "<group>"; };
		4A4E4805272056B20047EE86 /* VehicleViewModel.swift */ = {isa = PBXFileReference; lastKnownFileType = sourcecode.swift; path = VehicleViewModel.swift; sourceTree = "<group>"; };
		4A4E4807272057000047EE86 /* SpeciesViewModel.swift */ = {isa = PBXFileReference; lastKnownFileType = sourcecode.swift; path = SpeciesViewModel.swift; sourceTree = "<group>"; };
		4A4E480A2720594A0047EE86 /* EntityShortViewModel.swift */ = {isa = PBXFileReference; lastKnownFileType = sourcecode.swift; path = EntityShortViewModel.swift; sourceTree = "<group>"; };
		4A4E480E272063580047EE86 /* CharacterPresenter.swift */ = {isa = PBXFileReference; lastKnownFileType = sourcecode.swift; path = CharacterPresenter.swift; sourceTree = "<group>"; };
		4A4E4810272063AF0047EE86 /* CharacterViewControllerAssembler.swift */ = {isa = PBXFileReference; lastKnownFileType = sourcecode.swift; path = CharacterViewControllerAssembler.swift; sourceTree = "<group>"; };
		4A4E48122720644B0047EE86 /* EntityPresenterProtocol.swift */ = {isa = PBXFileReference; lastKnownFileType = sourcecode.swift; path = EntityPresenterProtocol.swift; sourceTree = "<group>"; };
		4A4E48192722ED2B0047EE86 /* MenuViewController.swift */ = {isa = PBXFileReference; lastKnownFileType = sourcecode.swift; path = MenuViewController.swift; sourceTree = "<group>"; };
		4A4E481B2722F1F90047EE86 /* MenuView.swift */ = {isa = PBXFileReference; lastKnownFileType = sourcecode.swift; path = MenuView.swift; sourceTree = "<group>"; };
		4A4E4822272334860047EE86 /* Constants.swift */ = {isa = PBXFileReference; lastKnownFileType = sourcecode.swift; path = Constants.swift; sourceTree = "<group>"; };
		4A4E482427233EA40047EE86 /* Starjout.ttf */ = {isa = PBXFileReference; lastKnownFileType = file; path = Starjout.ttf; sourceTree = "<group>"; };
		4A4E4826272343B00047EE86 /* EntityCollectionViewCell.swift */ = {isa = PBXFileReference; lastKnownFileType = sourcecode.swift; path = EntityCollectionViewCell.swift; sourceTree = "<group>"; };
		4A4E48372725B0460047EE86 /* MovieDetailPresenterProtocol.swift */ = {isa = PBXFileReference; lastKnownFileType = sourcecode.swift; path = MovieDetailPresenterProtocol.swift; sourceTree = "<group>"; };
		4A4E48392725B07A0047EE86 /* MovieDetailPresenter.swift */ = {isa = PBXFileReference; lastKnownFileType = sourcecode.swift; path = MovieDetailPresenter.swift; sourceTree = "<group>"; };
		4A4E483B2725B1F70047EE86 /* MovieDetailViewControllerAssembler.swift */ = {isa = PBXFileReference; lastKnownFileType = sourcecode.swift; path = MovieDetailViewControllerAssembler.swift; sourceTree = "<group>"; };
		4A9BE1A02729C5B600F0CD05 /* EntityCollectionView.swift */ = {isa = PBXFileReference; lastKnownFileType = sourcecode.swift; path = EntityCollectionView.swift; sourceTree = "<group>"; };
		4A9BE1A22729CCCD00F0CD05 /* CharacterDetailViewController.swift */ = {isa = PBXFileReference; lastKnownFileType = sourcecode.swift; path = CharacterDetailViewController.swift; sourceTree = "<group>"; };
		4A9BE1A62729CDC300F0CD05 /* CharacterDetailPresenterProtocol.swift */ = {isa = PBXFileReference; lastKnownFileType = sourcecode.swift; name = CharacterDetailPresenterProtocol.swift; path = StarWarsApp/Flows/CharacterDetailPresenterProtocol.swift; sourceTree = SOURCE_ROOT; };
		4A9BE1A82729CE1100F0CD05 /* CharacterDetailPresenter.swift */ = {isa = PBXFileReference; lastKnownFileType = sourcecode.swift; path = CharacterDetailPresenter.swift; sourceTree = "<group>"; };
		4A9BE1AA2729CE8900F0CD05 /* CharacterDetailView.swift */ = {isa = PBXFileReference; lastKnownFileType = sourcecode.swift; path = CharacterDetailView.swift; sourceTree = "<group>"; };
		4A9BE1AD2729F77600F0CD05 /* CharacterDetailViewControllerAssembler.swift */ = {isa = PBXFileReference; lastKnownFileType = sourcecode.swift; path = CharacterDetailViewControllerAssembler.swift; sourceTree = "<group>"; };
		4AA29FFF27398DAF0077573F /* Formatter + Exetension.swift */ = {isa = PBXFileReference; fileEncoding = 4; lastKnownFileType = sourcecode.swift; path = "Formatter + Exetension.swift"; sourceTree = "<group>"; };
		4AA2A00027398DAF0077573F /* Int + Extension.swift */ = {isa = PBXFileReference; fileEncoding = 4; lastKnownFileType = sourcecode.swift; path = "Int + Extension.swift"; sourceTree = "<group>"; };
		4AA2A00127398DAF0077573F /* String + Extension.swift */ = {isa = PBXFileReference; fileEncoding = 4; lastKnownFileType = sourcecode.swift; path = "String + Extension.swift"; sourceTree = "<group>"; };
		4AF1D5F9272ACB2C00E897B2 /* PlanetDetailViewController.swift */ = {isa = PBXFileReference; lastKnownFileType = sourcecode.swift; path = PlanetDetailViewController.swift; sourceTree = "<group>"; };
		4AF1D5FC272ACC4500E897B2 /* PlanetDetailPresenterProtocol.swift */ = {isa = PBXFileReference; lastKnownFileType = sourcecode.swift; path = PlanetDetailPresenterProtocol.swift; sourceTree = "<group>"; };
		4AF1D5FE272ACC6400E897B2 /* PlanetDetailPresenter.swift */ = {isa = PBXFileReference; lastKnownFileType = sourcecode.swift; path = PlanetDetailPresenter.swift; sourceTree = "<group>"; };
		4AF1D600272ACCBB00E897B2 /* PlanetDetailViewControllerAssembler.swift */ = {isa = PBXFileReference; lastKnownFileType = sourcecode.swift; path = PlanetDetailViewControllerAssembler.swift; sourceTree = "<group>"; };
		4AF1D603272ACD0900E897B2 /* PlanetDetailView.swift */ = {isa = PBXFileReference; lastKnownFileType = sourcecode.swift; path = PlanetDetailView.swift; sourceTree = "<group>"; };
		4AF1D606272ADCBE00E897B2 /* SpeciesDetailViewController.swift */ = {isa = PBXFileReference; lastKnownFileType = sourcecode.swift; path = SpeciesDetailViewController.swift; sourceTree = "<group>"; };
		4AF1D609272ADD8A00E897B2 /* SpeciesDetailPresenterProtocol.swift */ = {isa = PBXFileReference; lastKnownFileType = sourcecode.swift; path = SpeciesDetailPresenterProtocol.swift; sourceTree = "<group>"; };
		4AF1D60B272ADDB300E897B2 /* SpeciesDetailPresenter.swift */ = {isa = PBXFileReference; lastKnownFileType = sourcecode.swift; path = SpeciesDetailPresenter.swift; sourceTree = "<group>"; };
		4AF1D60D272ADDFC00E897B2 /* SpeciesDetailViewControllerAssembler.swift */ = {isa = PBXFileReference; lastKnownFileType = sourcecode.swift; path = SpeciesDetailViewControllerAssembler.swift; sourceTree = "<group>"; };
		4AF1D610272ADE4500E897B2 /* SpeciesDetailView.swift */ = {isa = PBXFileReference; lastKnownFileType = sourcecode.swift; path = SpeciesDetailView.swift; sourceTree = "<group>"; };
		4AF1D613272B32B900E897B2 /* StarshipDetailViewController.swift */ = {isa = PBXFileReference; lastKnownFileType = sourcecode.swift; path = StarshipDetailViewController.swift; sourceTree = "<group>"; };
		4AF1D616272B331200E897B2 /* StarshipDetailPresenterProtocol.swift */ = {isa = PBXFileReference; lastKnownFileType = sourcecode.swift; path = StarshipDetailPresenterProtocol.swift; sourceTree = "<group>"; };
		4AF1D618272B333A00E897B2 /* StarshipDetailPresenter.swift */ = {isa = PBXFileReference; lastKnownFileType = sourcecode.swift; path = StarshipDetailPresenter.swift; sourceTree = "<group>"; };
		4AF1D61A272B33E100E897B2 /* StarshipDetailViewControllerAssembler.swift */ = {isa = PBXFileReference; lastKnownFileType = sourcecode.swift; path = StarshipDetailViewControllerAssembler.swift; sourceTree = "<group>"; };
		4AF1D61D272B345500E897B2 /* StarshipDetailView.swift */ = {isa = PBXFileReference; lastKnownFileType = sourcecode.swift; path = StarshipDetailView.swift; sourceTree = "<group>"; };
/* End PBXFileReference section */

/* Begin PBXFrameworksBuildPhase section */
		4A25C64F2711CF9400EC8398 /* Frameworks */ = {
			isa = PBXFrameworksBuildPhase;
			buildActionMask = 2147483647;
			files = (
			);
			runOnlyForDeploymentPostprocessing = 0;
		};
/* End PBXFrameworksBuildPhase section */

/* Begin PBXGroup section */
		4A180478272C60E900E77660 /* VehicleDetail */ = {
			isa = PBXGroup;
			children = (
				4A4E4805272056B20047EE86 /* VehicleViewModel.swift */,
				4A18047F272C624100E77660 /* Service */,
				4A180482272C627800E77660 /* View */,
				4A180476272C60DE00E77660 /* VehicleDetailViewController.swift */,
				4A180479272C61A500E77660 /* VehicleDetailPresenterProtocol.swift */,
				4A18047B272C61D700E77660 /* VehicleDetailPresenter.swift */,
			);
			path = VehicleDetail;
			sourceTree = "<group>";
		};
		4A18047F272C624100E77660 /* Service */ = {
			isa = PBXGroup;
			children = (
				4A18047D272C621800E77660 /* VehicleDetailViewControllerAssembler.swift */,
			);
			path = Service;
			sourceTree = "<group>";
		};
		4A180482272C627800E77660 /* View */ = {
			isa = PBXGroup;
			children = (
				4A180480272C626200E77660 /* VehicleDetailView.swift */,
			);
			path = View;
			sourceTree = "<group>";
		};
		4A180487272C6BC100E77660 /* BaseViews */ = {
			isa = PBXGroup;
			children = (
				4A180483272C6A0500E77660 /* BaseLabel.swift */,
				4A180485272C6B4400E77660 /* BaseValueLabel.swift */,
				4A180488272C6DBC00E77660 /* BaseLabelStackView.swift */,
			);
			path = BaseViews;
			sourceTree = "<group>";
		};
		4A1804E52733FC2E00E77660 /* ViewModel */ = {
			isa = PBXGroup;
			children = (
				4A25C66F2711DE7500EC8398 /* MovieDetailViewModel.swift */,
			);
			path = ViewModel;
			sourceTree = "<group>";
		};
		4A1804E62733FC7200E77660 /* NetworkService */ = {
			isa = PBXGroup;
			children = (
				4A1804E72733FC8D00E77660 /* NetworkServiceError.swift */,
				4A1804E92733FCCF00E77660 /* Route.swift */,
				4A1804F42733FDD100E77660 /* ImageDataLoader */,
				4A1804EF2733FD3800E77660 /* HTTPClient */,
			);
			path = NetworkService;
			sourceTree = "<group>";
		};
		4A1804EF2733FD3800E77660 /* HTTPClient */ = {
			isa = PBXGroup;
			children = (
				4A1804EB2733FCF000E77660 /* HTTPClientProtocol.swift */,
				4A1804ED2733FD0800E77660 /* HTTPClient.swift */,
			);
			path = HTTPClient;
			sourceTree = "<group>";
		};
		4A1804F42733FDD100E77660 /* ImageDataLoader */ = {
			isa = PBXGroup;
			children = (
				4A1804F02733FD7600E77660 /* ImageDataLoaderProtocol.swift */,
				4A1804F22733FDA700E77660 /* ImageDataLoader.swift */,
			);
			path = ImageDataLoader;
			sourceTree = "<group>";
		};
		4A1804F72733FE6800E77660 /* NetworkService */ = {
			isa = PBXGroup;
			children = (
				4A1804F52733FE6300E77660 /* MovieResponse.swift */,
				4A1804F82733FEE300E77660 /* MovieRoute.swift */,
				4A1804FA2733FF9F00E77660 /* MovieImageRoute.swift */,
				4A1804FC2733FFD900E77660 /* MovieNetworkService.swift */,
			);
			path = NetworkService;
			sourceTree = "<group>";
		};
		4A25C6492711CF9300EC8398 = {
			isa = PBXGroup;
			children = (
				4A25C6542711CF9400EC8398 /* StarWarsApp */,
				4A25C6532711CF9400EC8398 /* Products */,
			);
			sourceTree = "<group>";
		};
		4A25C6532711CF9400EC8398 /* Products */ = {
			isa = PBXGroup;
			children = (
				4A25C6522711CF9400EC8398 /* StarWarsApp.app */,
			);
			name = Products;
			sourceTree = "<group>";
		};
		4A25C6542711CF9400EC8398 /* StarWarsApp */ = {
			isa = PBXGroup;
			children = (
				4A25C6552711CF9400EC8398 /* AppDelegate.swift */,
				4A25C6572711CF9400EC8398 /* SceneDelegate.swift */,
				4A4E474827121AAD0047EE86 /* Core */,
				4A25C66E2711DE4700EC8398 /* Flows */,
				4A25C6602711CF9700EC8398 /* LaunchScreen.storyboard */,
				4AA29FFE27398DAF0077573F /* Extensions */,
				4A25C6632711CF9700EC8398 /* Info.plist */,
				4A4E47ED271D28630047EE86 /* Resources */,
			);
			path = StarWarsApp;
			sourceTree = "<group>";
		};
		4A25C66D2711DE1400EC8398 /* Movies */ = {
			isa = PBXGroup;
			children = (
				4A1804F72733FE6800E77660 /* NetworkService */,
				4A4E474927121ABB0047EE86 /* NavigationService */,
				4A4E482B272556AD0047EE86 /* ViewModel */,
				4A4E474A27121ACC0047EE86 /* View */,
				4A25C6692711DC4400EC8398 /* MovieViewController.swift */,
				4A1804DF2733F85B00E77660 /* MoviePresenter.swift */,
				4A25C6712711E05C00EC8398 /* MoviePresenterProtocol.swift */,
			);
			path = Movies;
			sourceTree = "<group>";
		};
		4A25C66E2711DE4700EC8398 /* Flows */ = {
			isa = PBXGroup;
			children = (
				4A180487272C6BC100E77660 /* BaseViews */,
				4A25C66D2711DE1400EC8398 /* Movies */,
				4A4E47F3271D561A0047EE86 /* MovieDetail */,
				4A4E47FC27204CEE0047EE86 /* Entity */,
				4A9BE1A42729CCDF00F0CD05 /* EntityDetail */,
				4A4E47412712157A0047EE86 /* Other */,
			);
			path = Flows;
			sourceTree = "<group>";
		};
		4A3855D2273446D000E99451 /* NetworkService */ = {
			isa = PBXGroup;
			children = (
				4A3855D327344A5F00E99451 /* CharacterResponse.swift */,
				4A3855DE27344E6900E99451 /* CharacterNetworkService.swift */,
			);
			path = NetworkService;
			sourceTree = "<group>";
		};
		4A3855E42736BAE700E99451 /* Spinner */ = {
			isa = PBXGroup;
			children = (
				4A1804E12733FB6F00E77660 /* SpinnerViewController.swift */,
				4A3855E22736B9F000E99451 /* SpinnerManager.swift */,
			);
			path = Spinner;
			sourceTree = "<group>";
		};
		4A3855E72736BEE600E99451 /* Character */ = {
			isa = PBXGroup;
			children = (
				4A3855D2273446D000E99451 /* NetworkService */,
				4A4E481427207F210047EE86 /* NavigationService */,
				4A4E480E272063580047EE86 /* CharacterPresenter.swift */,
			);
			path = Character;
			sourceTree = "<group>";
		};
		4A3855E82736BFBF00E99451 /* EntityContainer */ = {
			isa = PBXGroup;
			children = (
				4A3855EA2736CE7E00E99451 /* NavigationService */,
				4A4E481D27232FD40047EE86 /* Menu */,
				4A3855E02736A5F300E99451 /* EntityContainerViewController.swift */,
			);
			path = EntityContainer;
			sourceTree = "<group>";
		};
		4A3855E92736C50B00E99451 /* Common */ = {
			isa = PBXGroup;
			children = (
				4A4E4809272057CD0047EE86 /* ViewModel */,
				4A4E482E272557210047EE86 /* View */,
				4A4E48122720644B0047EE86 /* EntityPresenterProtocol.swift */,
				4A4E47FD2720513C0047EE86 /* EntityRoute.swift */,
				4A4E47FA27204CD40047EE86 /* EntityViewController.swift */,
			);
			path = Common;
			sourceTree = "<group>";
		};
		4A3855EA2736CE7E00E99451 /* NavigationService */ = {
			isa = PBXGroup;
			children = (
				4A3855E52736BE5C00E99451 /* EntityContainerCoordinator.swift */,
			);
			path = NavigationService;
			sourceTree = "<group>";
		};
		4A3855ED2736CECE00E99451 /* Planet */ = {
			isa = PBXGroup;
			children = (
				4A3855EE2736CF2F00E99451 /* NetworkService */,
				4A3855F32736CFD000E99451 /* NavigationService */,
				4A3855F42736CFEE00E99451 /* PlanetPresenter.swift */,
			);
			path = Planet;
			sourceTree = "<group>";
		};
		4A3855EE2736CF2F00E99451 /* NetworkService */ = {
			isa = PBXGroup;
			children = (
				4A3855D527344BAE00E99451 /* PlanetResponse.swift */,
				4A3855EF2736CF5A00E99451 /* PlanetNetworkService.swift */,
			);
			path = NetworkService;
			sourceTree = "<group>";
		};
		4A3855F32736CFD000E99451 /* NavigationService */ = {
			isa = PBXGroup;
			children = (
				4A3855F12736CF9E00E99451 /* PlanetViewControllerAssembler.swift */,
			);
			path = NavigationService;
			sourceTree = "<group>";
		};
		4A3855F62736EF0D00E99451 /* Species */ = {
			isa = PBXGroup;
			children = (
				4A3855F72736EF3500E99451 /* NetworkService */,
				4A3855FC2736EF9800E99451 /* NavigationService */,
				4A3855FF2736F02300E99451 /* SpeciesPresenter.swift */,
			);
			path = Species;
			sourceTree = "<group>";
		};
		4A3855F72736EF3500E99451 /* NetworkService */ = {
			isa = PBXGroup;
			children = (
				4A3855D727344C4900E99451 /* SpeciesResponse.swift */,
				4A3855F82736EF5500E99451 /* SpeciesNetworkService.swift */,
			);
			path = NetworkService;
			sourceTree = "<group>";
		};
		4A3855FC2736EF9800E99451 /* NavigationService */ = {
			isa = PBXGroup;
			children = (
				4A3855FA2736EF9300E99451 /* SpeciesViewControllerAssembler.swift */,
			);
			path = NavigationService;
			sourceTree = "<group>";
		};
		4A3856012736FBA400E99451 /* Starship */ = {
			isa = PBXGroup;
			children = (
				4A3856022736FBB700E99451 /* NetworkService */,
				4A3856072736FC1200E99451 /* NavigationService */,
				4A38560A2736FC9A00E99451 /* StarshipPresenter.swift */,
			);
			path = Starship;
			sourceTree = "<group>";
		};
		4A3856022736FBB700E99451 /* NetworkService */ = {
			isa = PBXGroup;
			children = (
				4A3855D927344CD900E99451 /* StarshipResponse.swift */,
				4A3856032736FBD900E99451 /* StarshipNetworkService.swift */,
			);
			path = NetworkService;
			sourceTree = "<group>";
		};
		4A3856072736FC1200E99451 /* NavigationService */ = {
			isa = PBXGroup;
			children = (
				4A3856052736FC0D00E99451 /* StarshipViewControllerAssembler.swift */,
			);
			path = NavigationService;
			sourceTree = "<group>";
		};
		4A38560C27370E0D00E99451 /* Vehicle */ = {
			isa = PBXGroup;
			children = (
				4A38560D27370E3600E99451 /* NetworkService */,
				4A38561227370E9900E99451 /* NavigationService */,
				4A38561527370F1800E99451 /* VehiclePresenter.swift */,
			);
			path = Vehicle;
			sourceTree = "<group>";
		};
		4A38560D27370E3600E99451 /* NetworkService */ = {
			isa = PBXGroup;
			children = (
				4A3855DB27344DC500E99451 /* VehicleResponse.swift */,
				4A38560E27370E5A00E99451 /* VehicleNetworkService.swift */,
			);
			path = NetworkService;
			sourceTree = "<group>";
		};
		4A38561227370E9900E99451 /* NavigationService */ = {
			isa = PBXGroup;
			children = (
				4A38561027370E9400E99451 /* VehicleViewControllerAssembler.swift */,
			);
			path = NavigationService;
			sourceTree = "<group>";
		};
		4A4E47412712157A0047EE86 /* Other */ = {
			isa = PBXGroup;
			children = (
				4A4E474B27121AFD0047EE86 /* TabBar */,
				4A3855E42736BAE700E99451 /* Spinner */,
			);
			path = Other;
			sourceTree = "<group>";
		};
		4A4E474827121AAD0047EE86 /* Core */ = {
			isa = PBXGroup;
			children = (
				4A4E4822272334860047EE86 /* Constants.swift */,
				4A4E47422712170D0047EE86 /* RootCoordinator.swift */,
				4A4E47F6272045860047EE86 /* ViewControllerAssemblerProtocol.swift */,
				4A1804E62733FC7200E77660 /* NetworkService */,
			);
			path = Core;
			sourceTree = "<group>";
		};
		4A4E474927121ABB0047EE86 /* NavigationService */ = {
			isa = PBXGroup;
			children = (
				4A4E4746271218BB0047EE86 /* MovieCoordinator.swift */,
				4A4E47F8272045F60047EE86 /* MovieViewControllerAssembler.swift */,
			);
			path = NavigationService;
			sourceTree = "<group>";
		};
		4A4E474A27121ACC0047EE86 /* View */ = {
			isa = PBXGroup;
			children = (
				4A4E47E8271CC81F0047EE86 /* MovieTableViewCell.swift */,
			);
			path = View;
			sourceTree = "<group>";
		};
		4A4E474B27121AFD0047EE86 /* TabBar */ = {
			isa = PBXGroup;
			children = (
				4A4E474C27121B0D0047EE86 /* Service */,
				4A4E473F271215730047EE86 /* TabBarController.swift */,
			);
			path = TabBar;
			sourceTree = "<group>";
		};
		4A4E474C27121B0D0047EE86 /* Service */ = {
			isa = PBXGroup;
			children = (
				4A4E4744271217C20047EE86 /* TabBarCoordinator.swift */,
			);
			path = Service;
			sourceTree = "<group>";
		};
		4A4E47EC271D284A0047EE86 /* Fonts */ = {
			isa = PBXGroup;
			children = (
				4A4E482427233EA40047EE86 /* Starjout.ttf */,
			);
			path = Fonts;
			sourceTree = "<group>";
		};
		4A4E47ED271D28630047EE86 /* Resources */ = {
			isa = PBXGroup;
			children = (
				4A25C65E2711CF9700EC8398 /* Assets.xcassets */,
				4A4E47EC271D284A0047EE86 /* Fonts */,
			);
			path = Resources;
			sourceTree = "<group>";
		};
		4A4E47F3271D561A0047EE86 /* MovieDetail */ = {
			isa = PBXGroup;
			children = (
				4A1804E52733FC2E00E77660 /* ViewModel */,
				4A4E483D2725B2830047EE86 /* Service */,
				4A4E482C272556E70047EE86 /* View */,
				4A4E47F1271D56140047EE86 /* MovieDetailViewController.swift */,
				4A4E48372725B0460047EE86 /* MovieDetailPresenterProtocol.swift */,
				4A4E48392725B07A0047EE86 /* MovieDetailPresenter.swift */,
			);
			path = MovieDetail;
			sourceTree = "<group>";
		};
		4A4E47FC27204CEE0047EE86 /* Entity */ = {
			isa = PBXGroup;
			children = (
				4A3855E92736C50B00E99451 /* Common */,
				4A3855E82736BFBF00E99451 /* EntityContainer */,
				4A3855E72736BEE600E99451 /* Character */,
				4A3855ED2736CECE00E99451 /* Planet */,
				4A3855F62736EF0D00E99451 /* Species */,
				4A3856012736FBA400E99451 /* Starship */,
				4A38560C27370E0D00E99451 /* Vehicle */,
			);
			path = Entity;
			sourceTree = "<group>";
		};
		4A4E4809272057CD0047EE86 /* ViewModel */ = {
			isa = PBXGroup;
			children = (
				4A4E480A2720594A0047EE86 /* EntityShortViewModel.swift */,
			);
			path = ViewModel;
			sourceTree = "<group>";
		};
		4A4E481427207F210047EE86 /* NavigationService */ = {
			isa = PBXGroup;
			children = (
				4A4E4810272063AF0047EE86 /* CharacterViewControllerAssembler.swift */,
			);
			path = NavigationService;
			sourceTree = "<group>";
		};
		4A4E481D27232FD40047EE86 /* Menu */ = {
			isa = PBXGroup;
			children = (
				4A4E482D272557050047EE86 /* View */,
				4A4E48192722ED2B0047EE86 /* MenuViewController.swift */,
			);
			path = Menu;
			sourceTree = "<group>";
		};
		4A4E482B272556AD0047EE86 /* ViewModel */ = {
			isa = PBXGroup;
			children = (
				4A1804E32733FBD700E77660 /* MovieViewModel.swift */,
			);
			path = ViewModel;
			sourceTree = "<group>";
		};
		4A4E482C272556E70047EE86 /* View */ = {
			isa = PBXGroup;
			children = (
				4A4E47F4271D56A30047EE86 /* MovieDetailView.swift */,
			);
			path = View;
			sourceTree = "<group>";
		};
		4A4E482D272557050047EE86 /* View */ = {
			isa = PBXGroup;
			children = (
				4A4E481B2722F1F90047EE86 /* MenuView.swift */,
			);
			path = View;
			sourceTree = "<group>";
		};
		4A4E482E272557210047EE86 /* View */ = {
			isa = PBXGroup;
			children = (
				4A4E4826272343B00047EE86 /* EntityCollectionViewCell.swift */,
				4A9BE1A02729C5B600F0CD05 /* EntityCollectionView.swift */,
			);
			path = View;
			sourceTree = "<group>";
		};
		4A4E483D2725B2830047EE86 /* Service */ = {
			isa = PBXGroup;
			children = (
				4A4E483B2725B1F70047EE86 /* MovieDetailViewControllerAssembler.swift */,
			);
			path = Service;
			sourceTree = "<group>";
		};
		4A9BE1A42729CCDF00F0CD05 /* EntityDetail */ = {
			isa = PBXGroup;
			children = (
				4A9BE1A52729CD2B00F0CD05 /* CharacterDetail */,
				4AF1D5FB272ACB3100E897B2 /* PlanetDetail */,
				4AF1D608272ADCCC00E897B2 /* SpeciesDetail */,
				4AF1D615272B32BE00E897B2 /* StarshipDetail */,
				4A180478272C60E900E77660 /* VehicleDetail */,
			);
			path = EntityDetail;
			sourceTree = "<group>";
		};
		4A9BE1A52729CD2B00F0CD05 /* CharacterDetail */ = {
			isa = PBXGroup;
			children = (
				4A4E47FF272052EC0047EE86 /* CharacterViewModel.swift */,
				4A9BE1AF2729F7D200F0CD05 /* Service */,
				4A9BE1AC2729CE9000F0CD05 /* View */,
				4A9BE1A22729CCCD00F0CD05 /* CharacterDetailViewController.swift */,
				4A9BE1A62729CDC300F0CD05 /* CharacterDetailPresenterProtocol.swift */,
				4A9BE1A82729CE1100F0CD05 /* CharacterDetailPresenter.swift */,
			);
			path = CharacterDetail;
			sourceTree = "<group>";
		};
		4A9BE1AC2729CE9000F0CD05 /* View */ = {
			isa = PBXGroup;
			children = (
				4A9BE1AA2729CE8900F0CD05 /* CharacterDetailView.swift */,
			);
			path = View;
			sourceTree = "<group>";
		};
		4A9BE1AF2729F7D200F0CD05 /* Service */ = {
			isa = PBXGroup;
			children = (
				4A9BE1AD2729F77600F0CD05 /* CharacterDetailViewControllerAssembler.swift */,
			);
			path = Service;
			sourceTree = "<group>";
		};
		4AA29FFE27398DAF0077573F /* Extensions */ = {
			isa = PBXGroup;
			children = (
				4AA29FFF27398DAF0077573F /* Formatter + Exetension.swift */,
				4AA2A00027398DAF0077573F /* Int + Extension.swift */,
				4AA2A00127398DAF0077573F /* String + Extension.swift */,
			);
			path = Extensions;
			sourceTree = "<group>";
		};
		4AF1D5FB272ACB3100E897B2 /* PlanetDetail */ = {
			isa = PBXGroup;
			children = (
				4A4E4801272054AC0047EE86 /* PlanetViewModel.swift */,
				4AF1D602272ACCC000E897B2 /* Service */,
				4AF1D605272ACD1600E897B2 /* View */,
				4AF1D5F9272ACB2C00E897B2 /* PlanetDetailViewController.swift */,
				4AF1D5FC272ACC4500E897B2 /* PlanetDetailPresenterProtocol.swift */,
				4AF1D5FE272ACC6400E897B2 /* PlanetDetailPresenter.swift */,
			);
			path = PlanetDetail;
			sourceTree = "<group>";
		};
		4AF1D602272ACCC000E897B2 /* Service */ = {
			isa = PBXGroup;
			children = (
				4AF1D600272ACCBB00E897B2 /* PlanetDetailViewControllerAssembler.swift */,
			);
			path = Service;
			sourceTree = "<group>";
		};
		4AF1D605272ACD1600E897B2 /* View */ = {
			isa = PBXGroup;
			children = (
				4AF1D603272ACD0900E897B2 /* PlanetDetailView.swift */,
			);
			path = View;
			sourceTree = "<group>";
		};
		4AF1D608272ADCCC00E897B2 /* SpeciesDetail */ = {
			isa = PBXGroup;
			children = (
				4A4E4807272057000047EE86 /* SpeciesViewModel.swift */,
				4AF1D60F272ADE0300E897B2 /* Service */,
				4AF1D612272ADE4A00E897B2 /* View */,
				4AF1D606272ADCBE00E897B2 /* SpeciesDetailViewController.swift */,
				4AF1D609272ADD8A00E897B2 /* SpeciesDetailPresenterProtocol.swift */,
				4AF1D60B272ADDB300E897B2 /* SpeciesDetailPresenter.swift */,
			);
			path = SpeciesDetail;
			sourceTree = "<group>";
		};
		4AF1D60F272ADE0300E897B2 /* Service */ = {
			isa = PBXGroup;
			children = (
				4AF1D60D272ADDFC00E897B2 /* SpeciesDetailViewControllerAssembler.swift */,
			);
			path = Service;
			sourceTree = "<group>";
		};
		4AF1D612272ADE4A00E897B2 /* View */ = {
			isa = PBXGroup;
			children = (
				4AF1D610272ADE4500E897B2 /* SpeciesDetailView.swift */,
			);
			path = View;
			sourceTree = "<group>";
		};
		4AF1D615272B32BE00E897B2 /* StarshipDetail */ = {
			isa = PBXGroup;
			children = (
				4A4E48032720557D0047EE86 /* StarshipViewModel.swift */,
				4AF1D61C272B340800E897B2 /* Service */,
				4AF1D61F272B346400E897B2 /* View */,
				4AF1D613272B32B900E897B2 /* StarshipDetailViewController.swift */,
				4AF1D616272B331200E897B2 /* StarshipDetailPresenterProtocol.swift */,
				4AF1D618272B333A00E897B2 /* StarshipDetailPresenter.swift */,
			);
			path = StarshipDetail;
			sourceTree = "<group>";
		};
		4AF1D61C272B340800E897B2 /* Service */ = {
			isa = PBXGroup;
			children = (
				4AF1D61A272B33E100E897B2 /* StarshipDetailViewControllerAssembler.swift */,
			);
			path = Service;
			sourceTree = "<group>";
		};
		4AF1D61F272B346400E897B2 /* View */ = {
			isa = PBXGroup;
			children = (
				4AF1D61D272B345500E897B2 /* StarshipDetailView.swift */,
			);
			path = View;
			sourceTree = "<group>";
		};
/* End PBXGroup section */

/* Begin PBXNativeTarget section */
		4A25C6512711CF9400EC8398 /* StarWarsApp */ = {
			isa = PBXNativeTarget;
			buildConfigurationList = 4A25C6662711CF9700EC8398 /* Build configuration list for PBXNativeTarget "StarWarsApp" */;
			buildPhases = (
				4A25C64E2711CF9400EC8398 /* Sources */,
				4A25C64F2711CF9400EC8398 /* Frameworks */,
				4A25C6502711CF9400EC8398 /* Resources */,
			);
			buildRules = (
			);
			dependencies = (
			);
			name = StarWarsApp;
			productName = StarWarsApp;
			productReference = 4A25C6522711CF9400EC8398 /* StarWarsApp.app */;
			productType = "com.apple.product-type.application";
		};
/* End PBXNativeTarget section */

/* Begin PBXProject section */
		4A25C64A2711CF9300EC8398 /* Project object */ = {
			isa = PBXProject;
			attributes = {
				BuildIndependentTargetsInParallel = 1;
				LastSwiftUpdateCheck = 1300;
				LastUpgradeCheck = 1300;
				TargetAttributes = {
					4A25C6512711CF9400EC8398 = {
						CreatedOnToolsVersion = 13.0;
					};
				};
			};
			buildConfigurationList = 4A25C64D2711CF9300EC8398 /* Build configuration list for PBXProject "StarWarsApp" */;
			compatibilityVersion = "Xcode 13.0";
			developmentRegion = en;
			hasScannedForEncodings = 0;
			knownRegions = (
				en,
				Base,
			);
			mainGroup = 4A25C6492711CF9300EC8398;
			productRefGroup = 4A25C6532711CF9400EC8398 /* Products */;
			projectDirPath = "";
			projectRoot = "";
			targets = (
				4A25C6512711CF9400EC8398 /* StarWarsApp */,
			);
		};
/* End PBXProject section */

/* Begin PBXResourcesBuildPhase section */
		4A25C6502711CF9400EC8398 /* Resources */ = {
			isa = PBXResourcesBuildPhase;
			buildActionMask = 2147483647;
			files = (
				4A25C6622711CF9700EC8398 /* LaunchScreen.storyboard in Resources */,
				4A4E482A2723556E0047EE86 /* Starjout.ttf in Resources */,
				4A25C65F2711CF9700EC8398 /* Assets.xcassets in Resources */,
			);
			runOnlyForDeploymentPostprocessing = 0;
		};
/* End PBXResourcesBuildPhase section */

/* Begin PBXSourcesBuildPhase section */
		4A25C64E2711CF9400EC8398 /* Sources */ = {
			isa = PBXSourcesBuildPhase;
			buildActionMask = 2147483647;
			files = (
				4A4E481A2722ED2B0047EE86 /* MenuViewController.swift in Sources */,
				4A4E48132720644B0047EE86 /* EntityPresenterProtocol.swift in Sources */,
				4A4E48382725B0460047EE86 /* MovieDetailPresenterProtocol.swift in Sources */,
				4A9BE1AB2729CE8900F0CD05 /* CharacterDetailView.swift in Sources */,
				4A3856002736F02300E99451 /* SpeciesPresenter.swift in Sources */,
				4A4E47432712170D0047EE86 /* RootCoordinator.swift in Sources */,
				4AF1D614272B32B900E897B2 /* StarshipDetailViewController.swift in Sources */,
				4A38560B2736FC9A00E99451 /* StarshipPresenter.swift in Sources */,
				4A4E4747271218BB0047EE86 /* MovieCoordinator.swift in Sources */,
				4A180484272C6A0500E77660 /* BaseLabel.swift in Sources */,
				4A25C6702711DE7600EC8398 /* MovieDetailViewModel.swift in Sources */,
				4A25C66A2711DC4400EC8398 /* MovieViewController.swift in Sources */,
				4A3855D427344A5F00E99451 /* CharacterResponse.swift in Sources */,
				4AF1D611272ADE4500E897B2 /* SpeciesDetailView.swift in Sources */,
				4A38561127370E9400E99451 /* VehicleViewControllerAssembler.swift in Sources */,
				4A4E47F2271D56140047EE86 /* MovieDetailViewController.swift in Sources */,
				4AA2A00327398DAF0077573F /* Int + Extension.swift in Sources */,
				4A4E47F9272045F60047EE86 /* MovieViewControllerAssembler.swift in Sources */,
				4AF1D607272ADCBE00E897B2 /* SpeciesDetailViewController.swift in Sources */,
				4A3856042736FBD900E99451 /* StarshipNetworkService.swift in Sources */,
				4A4E480B2720594B0047EE86 /* EntityShortViewModel.swift in Sources */,
				4A4E47FB27204CD40047EE86 /* EntityViewController.swift in Sources */,
				4AF1D617272B331200E897B2 /* StarshipDetailPresenterProtocol.swift in Sources */,
				4A4E483C2725B1F70047EE86 /* MovieDetailViewControllerAssembler.swift in Sources */,
				4A9BE1A72729CDC300F0CD05 /* CharacterDetailPresenterProtocol.swift in Sources */,
				4A1804FB2733FF9F00E77660 /* MovieImageRoute.swift in Sources */,
				4AF1D61E272B345500E897B2 /* StarshipDetailView.swift in Sources */,
				4A1804EE2733FD0800E77660 /* HTTPClient.swift in Sources */,
				4A3855F22736CF9E00E99451 /* PlanetViewControllerAssembler.swift in Sources */,
				4A1804E22733FB6F00E77660 /* SpinnerViewController.swift in Sources */,
				4A4E47FE2720513C0047EE86 /* EntityRoute.swift in Sources */,
				4A4E48042720557D0047EE86 /* StarshipViewModel.swift in Sources */,
				4A3855F02736CF5A00E99451 /* PlanetNetworkService.swift in Sources */,
				4A1804F12733FD7600E77660 /* ImageDataLoaderProtocol.swift in Sources */,
				4A3855E62736BE5C00E99451 /* EntityContainerCoordinator.swift in Sources */,
				4A1804EA2733FCCF00E77660 /* Route.swift in Sources */,
				4A3855DA27344CD900E99451 /* StarshipResponse.swift in Sources */,
				4AF1D60A272ADD8A00E897B2 /* SpeciesDetailPresenterProtocol.swift in Sources */,
				4AF1D619272B333A00E897B2 /* StarshipDetailPresenter.swift in Sources */,
				4A3855DF27344E6900E99451 /* CharacterNetworkService.swift in Sources */,
				4AF1D601272ACCBB00E897B2 /* PlanetDetailViewControllerAssembler.swift in Sources */,
				4A9BE1A12729C5B600F0CD05 /* EntityCollectionView.swift in Sources */,
				4AF1D604272ACD0900E897B2 /* PlanetDetailView.swift in Sources */,
				4A25C6722711E05C00EC8398 /* MoviePresenterProtocol.swift in Sources */,
				4AA2A00427398DAF0077573F /* String + Extension.swift in Sources */,
				4A9BE1A92729CE1100F0CD05 /* CharacterDetailPresenter.swift in Sources */,
				4A4E480F272063580047EE86 /* CharacterPresenter.swift in Sources */,
				4A1804EC2733FCF000E77660 /* HTTPClientProtocol.swift in Sources */,
				4A4E4823272334860047EE86 /* Constants.swift in Sources */,
				4A4E4802272054AC0047EE86 /* PlanetViewModel.swift in Sources */,
				4A25C6562711CF9400EC8398 /* AppDelegate.swift in Sources */,
				4A4E483A2725B07A0047EE86 /* MovieDetailPresenter.swift in Sources */,
				4A4E4800272052ED0047EE86 /* CharacterViewModel.swift in Sources */,
				4A4E47F5271D56A30047EE86 /* MovieDetailView.swift in Sources */,
				4A3855D827344C4900E99451 /* SpeciesResponse.swift in Sources */,
				4A4E4745271217C20047EE86 /* TabBarCoordinator.swift in Sources */,
				4A180481272C626200E77660 /* VehicleDetailView.swift in Sources */,
				4A4E4740271215730047EE86 /* TabBarController.swift in Sources */,
				4AA2A00227398DAF0077573F /* Formatter + Exetension.swift in Sources */,
				4A1804E02733F85B00E77660 /* MoviePresenter.swift in Sources */,
				4A1804F32733FDA700E77660 /* ImageDataLoader.swift in Sources */,
				4AF1D60E272ADDFC00E897B2 /* SpeciesDetailViewControllerAssembler.swift in Sources */,
				4A9BE1A32729CCCD00F0CD05 /* CharacterDetailViewController.swift in Sources */,
				4A18047E272C621800E77660 /* VehicleDetailViewControllerAssembler.swift in Sources */,
				4AF1D5FD272ACC4500E897B2 /* PlanetDetailPresenterProtocol.swift in Sources */,
				4A3855D627344BAE00E99451 /* PlanetResponse.swift in Sources */,
				4A38561627370F1800E99451 /* VehiclePresenter.swift in Sources */,
				4A4E4811272063AF0047EE86 /* CharacterViewControllerAssembler.swift in Sources */,
				4A4E4806272056B20047EE86 /* VehicleViewModel.swift in Sources */,
				4A3855E12736A5F300E99451 /* EntityContainerViewController.swift in Sources */,
				4A3856062736FC0D00E99451 /* StarshipViewControllerAssembler.swift in Sources */,
				4A3855E32736B9F000E99451 /* SpinnerManager.swift in Sources */,
				4A3855FB2736EF9300E99451 /* SpeciesViewControllerAssembler.swift in Sources */,
				4A180477272C60DE00E77660 /* VehicleDetailViewController.swift in Sources */,
				4A180489272C6DBC00E77660 /* BaseLabelStackView.swift in Sources */,
				4AF1D5FA272ACB2C00E897B2 /* PlanetDetailViewController.swift in Sources */,
				4AF1D5FF272ACC6400E897B2 /* PlanetDetailPresenter.swift in Sources */,
				4A180486272C6B4400E77660 /* BaseValueLabel.swift in Sources */,
				4A3855F92736EF5500E99451 /* SpeciesNetworkService.swift in Sources */,
				4A1804E42733FBD700E77660 /* MovieViewModel.swift in Sources */,
				4A3855DC27344DC500E99451 /* VehicleResponse.swift in Sources */,
				4A4E47E9271CC81F0047EE86 /* MovieTableViewCell.swift in Sources */,
				4A4E4808272057000047EE86 /* SpeciesViewModel.swift in Sources */,
				4A38560F27370E5A00E99451 /* VehicleNetworkService.swift in Sources */,
				4AF1D61B272B33E100E897B2 /* StarshipDetailViewControllerAssembler.swift in Sources */,
				4A18047A272C61A500E77660 /* VehicleDetailPresenterProtocol.swift in Sources */,
				4A4E481C2722F1F90047EE86 /* MenuView.swift in Sources */,
				4A25C6582711CF9400EC8398 /* SceneDelegate.swift in Sources */,
				4A9BE1AE2729F77600F0CD05 /* CharacterDetailViewControllerAssembler.swift in Sources */,
				4A4E4827272343B00047EE86 /* EntityCollectionViewCell.swift in Sources */,
				4A1804E82733FC8D00E77660 /* NetworkServiceError.swift in Sources */,
				4A18047C272C61D700E77660 /* VehicleDetailPresenter.swift in Sources */,
				4A4E47F7272045860047EE86 /* ViewControllerAssemblerProtocol.swift in Sources */,
				4A1804F92733FEE300E77660 /* MovieRoute.swift in Sources */,
				4A1804F62733FE6300E77660 /* MovieResponse.swift in Sources */,
				4AF1D60C272ADDB300E897B2 /* SpeciesDetailPresenter.swift in Sources */,
				4A1804FD2733FFD900E77660 /* MovieNetworkService.swift in Sources */,
				4A3855F52736CFEE00E99451 /* PlanetPresenter.swift in Sources */,
			);
			runOnlyForDeploymentPostprocessing = 0;
		};
/* End PBXSourcesBuildPhase section */

/* Begin PBXVariantGroup section */
		4A25C6602711CF9700EC8398 /* LaunchScreen.storyboard */ = {
			isa = PBXVariantGroup;
			children = (
				4A25C6612711CF9700EC8398 /* Base */,
			);
			name = LaunchScreen.storyboard;
			sourceTree = "<group>";
		};
/* End PBXVariantGroup section */

/* Begin XCBuildConfiguration section */
		4A25C6642711CF9700EC8398 /* Debug */ = {
			isa = XCBuildConfiguration;
			buildSettings = {
				ALWAYS_SEARCH_USER_PATHS = NO;
				CLANG_ANALYZER_NONNULL = YES;
				CLANG_ANALYZER_NUMBER_OBJECT_CONVERSION = YES_AGGRESSIVE;
				CLANG_CXX_LANGUAGE_STANDARD = "gnu++17";
				CLANG_CXX_LIBRARY = "libc++";
				CLANG_ENABLE_MODULES = YES;
				CLANG_ENABLE_OBJC_ARC = YES;
				CLANG_ENABLE_OBJC_WEAK = YES;
				CLANG_WARN_BLOCK_CAPTURE_AUTORELEASING = YES;
				CLANG_WARN_BOOL_CONVERSION = YES;
				CLANG_WARN_COMMA = YES;
				CLANG_WARN_CONSTANT_CONVERSION = YES;
				CLANG_WARN_DEPRECATED_OBJC_IMPLEMENTATIONS = YES;
				CLANG_WARN_DIRECT_OBJC_ISA_USAGE = YES_ERROR;
				CLANG_WARN_DOCUMENTATION_COMMENTS = YES;
				CLANG_WARN_EMPTY_BODY = YES;
				CLANG_WARN_ENUM_CONVERSION = YES;
				CLANG_WARN_INFINITE_RECURSION = YES;
				CLANG_WARN_INT_CONVERSION = YES;
				CLANG_WARN_NON_LITERAL_NULL_CONVERSION = YES;
				CLANG_WARN_OBJC_IMPLICIT_RETAIN_SELF = YES;
				CLANG_WARN_OBJC_LITERAL_CONVERSION = YES;
				CLANG_WARN_OBJC_ROOT_CLASS = YES_ERROR;
				CLANG_WARN_QUOTED_INCLUDE_IN_FRAMEWORK_HEADER = YES;
				CLANG_WARN_RANGE_LOOP_ANALYSIS = YES;
				CLANG_WARN_STRICT_PROTOTYPES = YES;
				CLANG_WARN_SUSPICIOUS_MOVE = YES;
				CLANG_WARN_UNGUARDED_AVAILABILITY = YES_AGGRESSIVE;
				CLANG_WARN_UNREACHABLE_CODE = YES;
				CLANG_WARN__DUPLICATE_METHOD_MATCH = YES;
				COPY_PHASE_STRIP = NO;
				DEBUG_INFORMATION_FORMAT = dwarf;
				ENABLE_STRICT_OBJC_MSGSEND = YES;
				ENABLE_TESTABILITY = YES;
				GCC_C_LANGUAGE_STANDARD = gnu11;
				GCC_DYNAMIC_NO_PIC = NO;
				GCC_NO_COMMON_BLOCKS = YES;
				GCC_OPTIMIZATION_LEVEL = 0;
				GCC_PREPROCESSOR_DEFINITIONS = (
					"DEBUG=1",
					"$(inherited)",
				);
				GCC_WARN_64_TO_32_BIT_CONVERSION = YES;
				GCC_WARN_ABOUT_RETURN_TYPE = YES_ERROR;
				GCC_WARN_UNDECLARED_SELECTOR = YES;
				GCC_WARN_UNINITIALIZED_AUTOS = YES_AGGRESSIVE;
				GCC_WARN_UNUSED_FUNCTION = YES;
				GCC_WARN_UNUSED_VARIABLE = YES;
				IPHONEOS_DEPLOYMENT_TARGET = 13.0;
				MTL_ENABLE_DEBUG_INFO = INCLUDE_SOURCE;
				MTL_FAST_MATH = YES;
				ONLY_ACTIVE_ARCH = YES;
				SDKROOT = iphoneos;
				SWIFT_ACTIVE_COMPILATION_CONDITIONS = DEBUG;
				SWIFT_OPTIMIZATION_LEVEL = "-Onone";
			};
			name = Debug;
		};
		4A25C6652711CF9700EC8398 /* Release */ = {
			isa = XCBuildConfiguration;
			buildSettings = {
				ALWAYS_SEARCH_USER_PATHS = NO;
				CLANG_ANALYZER_NONNULL = YES;
				CLANG_ANALYZER_NUMBER_OBJECT_CONVERSION = YES_AGGRESSIVE;
				CLANG_CXX_LANGUAGE_STANDARD = "gnu++17";
				CLANG_CXX_LIBRARY = "libc++";
				CLANG_ENABLE_MODULES = YES;
				CLANG_ENABLE_OBJC_ARC = YES;
				CLANG_ENABLE_OBJC_WEAK = YES;
				CLANG_WARN_BLOCK_CAPTURE_AUTORELEASING = YES;
				CLANG_WARN_BOOL_CONVERSION = YES;
				CLANG_WARN_COMMA = YES;
				CLANG_WARN_CONSTANT_CONVERSION = YES;
				CLANG_WARN_DEPRECATED_OBJC_IMPLEMENTATIONS = YES;
				CLANG_WARN_DIRECT_OBJC_ISA_USAGE = YES_ERROR;
				CLANG_WARN_DOCUMENTATION_COMMENTS = YES;
				CLANG_WARN_EMPTY_BODY = YES;
				CLANG_WARN_ENUM_CONVERSION = YES;
				CLANG_WARN_INFINITE_RECURSION = YES;
				CLANG_WARN_INT_CONVERSION = YES;
				CLANG_WARN_NON_LITERAL_NULL_CONVERSION = YES;
				CLANG_WARN_OBJC_IMPLICIT_RETAIN_SELF = YES;
				CLANG_WARN_OBJC_LITERAL_CONVERSION = YES;
				CLANG_WARN_OBJC_ROOT_CLASS = YES_ERROR;
				CLANG_WARN_QUOTED_INCLUDE_IN_FRAMEWORK_HEADER = YES;
				CLANG_WARN_RANGE_LOOP_ANALYSIS = YES;
				CLANG_WARN_STRICT_PROTOTYPES = YES;
				CLANG_WARN_SUSPICIOUS_MOVE = YES;
				CLANG_WARN_UNGUARDED_AVAILABILITY = YES_AGGRESSIVE;
				CLANG_WARN_UNREACHABLE_CODE = YES;
				CLANG_WARN__DUPLICATE_METHOD_MATCH = YES;
				COPY_PHASE_STRIP = NO;
				DEBUG_INFORMATION_FORMAT = "dwarf-with-dsym";
				ENABLE_NS_ASSERTIONS = NO;
				ENABLE_STRICT_OBJC_MSGSEND = YES;
				GCC_C_LANGUAGE_STANDARD = gnu11;
				GCC_NO_COMMON_BLOCKS = YES;
				GCC_WARN_64_TO_32_BIT_CONVERSION = YES;
				GCC_WARN_ABOUT_RETURN_TYPE = YES_ERROR;
				GCC_WARN_UNDECLARED_SELECTOR = YES;
				GCC_WARN_UNINITIALIZED_AUTOS = YES_AGGRESSIVE;
				GCC_WARN_UNUSED_FUNCTION = YES;
				GCC_WARN_UNUSED_VARIABLE = YES;
				IPHONEOS_DEPLOYMENT_TARGET = 13.0;
				MTL_ENABLE_DEBUG_INFO = NO;
				MTL_FAST_MATH = YES;
				SDKROOT = iphoneos;
				SWIFT_COMPILATION_MODE = wholemodule;
				SWIFT_OPTIMIZATION_LEVEL = "-O";
				VALIDATE_PRODUCT = YES;
			};
			name = Release;
		};
		4A25C6672711CF9700EC8398 /* Debug */ = {
			isa = XCBuildConfiguration;
			buildSettings = {
				ASSETCATALOG_COMPILER_APPICON_NAME = AppIcon;
				ASSETCATALOG_COMPILER_GLOBAL_ACCENT_COLOR_NAME = AccentColor;
				CODE_SIGN_STYLE = Automatic;
				CURRENT_PROJECT_VERSION = 1;
				DEVELOPMENT_TEAM = 77NB29ZK26;
				GENERATE_INFOPLIST_FILE = YES;
				INFOPLIST_FILE = StarWarsApp/Info.plist;
				INFOPLIST_KEY_UIApplicationSupportsIndirectInputEvents = YES;
				INFOPLIST_KEY_UILaunchStoryboardName = LaunchScreen;
				INFOPLIST_KEY_UIMainStoryboardFile = "";
				INFOPLIST_KEY_UISupportedInterfaceOrientations_iPad = "UIInterfaceOrientationPortrait UIInterfaceOrientationPortraitUpsideDown UIInterfaceOrientationLandscapeLeft UIInterfaceOrientationLandscapeRight";
				INFOPLIST_KEY_UISupportedInterfaceOrientations_iPhone = "UIInterfaceOrientationPortrait UIInterfaceOrientationLandscapeLeft UIInterfaceOrientationLandscapeRight";
				IPHONEOS_DEPLOYMENT_TARGET = 13.0;
				LD_RUNPATH_SEARCH_PATHS = (
					"$(inherited)",
					"@executable_path/Frameworks",
				);
				MARKETING_VERSION = 1.0;
				PRODUCT_BUNDLE_IDENTIFIER = com.IosStudying.StarWarsApp;
				PRODUCT_NAME = "$(TARGET_NAME)";
				SWIFT_EMIT_LOC_STRINGS = YES;
				SWIFT_VERSION = 5.0;
				TARGETED_DEVICE_FAMILY = 1;
			};
			name = Debug;
		};
		4A25C6682711CF9700EC8398 /* Release */ = {
			isa = XCBuildConfiguration;
			buildSettings = {
				ASSETCATALOG_COMPILER_APPICON_NAME = AppIcon;
				ASSETCATALOG_COMPILER_GLOBAL_ACCENT_COLOR_NAME = AccentColor;
				CODE_SIGN_STYLE = Automatic;
				CURRENT_PROJECT_VERSION = 1;
				DEVELOPMENT_TEAM = 77NB29ZK26;
				GENERATE_INFOPLIST_FILE = YES;
				INFOPLIST_FILE = StarWarsApp/Info.plist;
				INFOPLIST_KEY_UIApplicationSupportsIndirectInputEvents = YES;
				INFOPLIST_KEY_UILaunchStoryboardName = LaunchScreen;
				INFOPLIST_KEY_UIMainStoryboardFile = "";
				INFOPLIST_KEY_UISupportedInterfaceOrientations_iPad = "UIInterfaceOrientationPortrait UIInterfaceOrientationPortraitUpsideDown UIInterfaceOrientationLandscapeLeft UIInterfaceOrientationLandscapeRight";
				INFOPLIST_KEY_UISupportedInterfaceOrientations_iPhone = "UIInterfaceOrientationPortrait UIInterfaceOrientationLandscapeLeft UIInterfaceOrientationLandscapeRight";
				IPHONEOS_DEPLOYMENT_TARGET = 13.0;
				LD_RUNPATH_SEARCH_PATHS = (
					"$(inherited)",
					"@executable_path/Frameworks",
				);
				MARKETING_VERSION = 1.0;
				PRODUCT_BUNDLE_IDENTIFIER = com.IosStudying.StarWarsApp;
				PRODUCT_NAME = "$(TARGET_NAME)";
				SWIFT_EMIT_LOC_STRINGS = YES;
				SWIFT_VERSION = 5.0;
				TARGETED_DEVICE_FAMILY = 1;
			};
			name = Release;
		};
/* End XCBuildConfiguration section */

/* Begin XCConfigurationList section */
		4A25C64D2711CF9300EC8398 /* Build configuration list for PBXProject "StarWarsApp" */ = {
			isa = XCConfigurationList;
			buildConfigurations = (
				4A25C6642711CF9700EC8398 /* Debug */,
				4A25C6652711CF9700EC8398 /* Release */,
			);
			defaultConfigurationIsVisible = 0;
			defaultConfigurationName = Release;
		};
		4A25C6662711CF9700EC8398 /* Build configuration list for PBXNativeTarget "StarWarsApp" */ = {
			isa = XCConfigurationList;
			buildConfigurations = (
				4A25C6672711CF9700EC8398 /* Debug */,
				4A25C6682711CF9700EC8398 /* Release */,
			);
			defaultConfigurationIsVisible = 0;
			defaultConfigurationName = Release;
		};
/* End XCConfigurationList section */
	};
	rootObject = 4A25C64A2711CF9300EC8398 /* Project object */;
}
